<?xml version="1.0" encoding="utf-8"?>
<Project ToolsVersion="4.0" xmlns="http://schemas.microsoft.com/developer/msbuild/2003">
  <ItemGroup>
    <Filter Include="源文件">
      <UniqueIdentifier>{4FC737F1-C7A5-4376-A066-2A32D752A2FF}</UniqueIdentifier>
      <Extensions>cpp;c;cc;cxx;def;odl;idl;hpj;bat;asm;asmx</Extensions>
    </Filter>
    <Filter Include="头文件">
      <UniqueIdentifier>{93995380-89BD-4b04-88EB-625FBE52EBFB}</UniqueIdentifier>
      <Extensions>h;hh;hpp;hxx;hm;inl;inc;ipp;xsd</Extensions>
    </Filter>
    <Filter Include="资源文件">
      <UniqueIdentifier>{67DA6AB6-F800-4c08-8B7A-83BB121AAD01}</UniqueIdentifier>
      <Extensions>rc;ico;cur;bmp;dlg;rc2;rct;bin;rgs;gif;jpg;jpeg;jpe;resx;tiff;tif;png;wav;mfcribbon-ms</Extensions>
    </Filter>
    <Filter Include="头文件\qpid">
      <UniqueIdentifier>{c15f92bf-bf56-4dad-83bd-a75e8fcca5e1}</UniqueIdentifier>
    </Filter>
    <Filter Include="头文件\qpid\base">
      <UniqueIdentifier>{6501c406-a3c4-48aa-a3ba-83491de6abfc}</UniqueIdentifier>
    </Filter>
    <Filter Include="源文件\qpid">
      <UniqueIdentifier>{900ac1e2-9b0d-44b6-b8ad-4036dd0f1b7d}</UniqueIdentifier>
    </Filter>
    <Filter Include="源文件\qpid\base">
      <UniqueIdentifier>{438270f5-e185-4516-8c15-0a4af5829174}</UniqueIdentifier>
    </Filter>
    <Filter Include="头文件\qpid\base\amqp0_10">
      <UniqueIdentifier>{d0e2bd5a-26f7-443b-bb4a-980ab8f6e8cd}</UniqueIdentifier>
    </Filter>
    <Filter Include="源文件\qpid\base\amqp0_10">
      <UniqueIdentifier>{df56c30d-d24f-4d7c-832a-b1f84f882639}</UniqueIdentifier>
    </Filter>
    <Filter Include="头文件\qpid\base\amqp">
      <UniqueIdentifier>{b6459d82-d3c8-4030-92fd-826c0603b325}</UniqueIdentifier>
    </Filter>
    <Filter Include="源文件\qpid\base\amqp">
      <UniqueIdentifier>{0445e6de-c57a-47a1-9e9c-a81aa7264ddd}</UniqueIdentifier>
    </Filter>
  </ItemGroup>
  <ItemGroup>
    <ClInclude Include="..\include\qpid\base\Compile.h">
      <Filter>头文件\qpid\base</Filter>
    </ClInclude>
    <ClInclude Include="..\include\qpid\config.h">
      <Filter>头文件\qpid</Filter>
    </ClInclude>
    <ClInclude Include="..\include\qpid\ImportExport.h">
      <Filter>头文件\qpid</Filter>
    </ClInclude>
    <ClInclude Include="..\include\qpid\Version.h">
      <Filter>头文件\qpid</Filter>
    </ClInclude>
    <ClInclude Include="..\include\qpid\base\DataDir.h">
      <Filter>头文件\qpid\base</Filter>
    </ClInclude>
    <ClInclude Include="..\include\qpid\base\Modules.h">
      <Filter>头文件\qpid\base</Filter>
    </ClInclude>
    <ClInclude Include="..\include\qpid\base\NullSaslClient.h">
      <Filter>头文件\qpid\base</Filter>
    </ClInclude>
    <ClInclude Include="..\include\qpid\base\NullSaslServer.h">
      <Filter>头文件\qpid\base</Filter>
    </ClInclude>
    <ClInclude Include="..\include\qpid\base\Plugin.h">
      <Filter>头文件\qpid\base</Filter>
    </ClInclude>
    <ClInclude Include="..\include\qpid\base\RangeSet.h">
      <Filter>头文件\qpid\base</Filter>
    </ClInclude>
    <ClInclude Include="..\include\qpid\base\Sasl.h">
      <Filter>头文件\qpid\base</Filter>
    </ClInclude>
    <ClInclude Include="..\include\qpid\base\SaslFactory.h">
      <Filter>头文件\qpid\base</Filter>
    </ClInclude>
    <ClInclude Include="..\include\qpid\base\SaslServer.h">
      <Filter>头文件\qpid\base</Filter>
    </ClInclude>
    <ClInclude Include="..\include\qpid\base\SessionId.h">
      <Filter>头文件\qpid\base</Filter>
    </ClInclude>
    <ClInclude Include="..\include\qpid\base\SessionState.h">
      <Filter>头文件\qpid\base</Filter>
    </ClInclude>
    <ClInclude Include="..\include\qpid\base\UrlArray.h">
      <Filter>头文件\qpid\base</Filter>
    </ClInclude>
    <ClInclude Include="..\include\qpid\base\AclHost.h">
      <Filter>头文件\qpid\base</Filter>
    </ClInclude>
    <ClInclude Include="..\include\qpid\base\Address.h">
      <Filter>头文件\qpid\base</Filter>
    </ClInclude>
    <ClInclude Include="..\include\qpid\base\assert.h">
      <Filter>头文件\qpid\base</Filter>
    </ClInclude>
    <ClInclude Include="..\include\qpid\base\amqp0_10\Codecs.h">
      <Filter>头文件\qpid\base\amqp0_10</Filter>
    </ClInclude>
    <ClInclude Include="..\include\qpid\base\amqp0_10\CodecsInternal.h">
      <Filter>头文件\qpid\base\amqp0_10</Filter>
    </ClInclude>
    <ClInclude Include="..\include\qpid\base\amqp0_10\Connection.h">
      <Filter>头文件\qpid\base\amqp0_10</Filter>
    </ClInclude>
    <ClInclude Include="..\include\qpid\base\amqp0_10\SessionHandler.h">
      <Filter>头文件\qpid\base\amqp0_10</Filter>
    </ClInclude>
    <ClInclude Include="..\include\qpid\base\ConnectionInputHandler.h">
      <Filter>头文件\qpid\base</Filter>
    </ClInclude>
    <ClInclude Include="..\include\qpid\base\ConnectionInputHandlerFactory.h">
      <Filter>头文件\qpid\base</Filter>
    </ClInclude>
    <ClInclude Include="..\include\qpid\base\ConnectionOutputHandler.h">
      <Filter>头文件\qpid\base</Filter>
    </ClInclude>
    <ClInclude Include="..\include\qpid\base\amqp\Decoder.h">
      <Filter>头文件\qpid\base\amqp</Filter>
    </ClInclude>
    <ClInclude Include="..\include\qpid\base\amqp\Descriptor.h">
      <Filter>头文件\qpid\base\amqp</Filter>
    </ClInclude>
    <ClInclude Include="..\include\qpid\base\amqp\descriptors.h">
      <Filter>头文件\qpid\base\amqp</Filter>
    </ClInclude>
    <ClInclude Include="..\include\qpid\base\amqp\Encoder.h">
      <Filter>头文件\qpid\base\amqp</Filter>
    </ClInclude>
    <ClInclude Include="..\include\qpid\base\amqp\ListBuilder.h">
      <Filter>头文件\qpid\base\amqp</Filter>
    </ClInclude>
    <ClInclude Include="..\include\qpid\base\amqp\ListReader.h">
      <Filter>头文件\qpid\base\amqp</Filter>
    </ClInclude>
    <ClInclude Include="..\include\qpid\base\amqp\LoggingReader.h">
      <Filter>头文件\qpid\base\amqp</Filter>
    </ClInclude>
    <ClInclude Include="..\include\qpid\base\amqp\MapBuilder.h">
      <Filter>头文件\qpid\base\amqp</Filter>
    </ClInclude>
    <ClInclude Include="..\include\qpid\base\amqp\MapEncoder.h">
      <Filter>头文件\qpid\base\amqp</Filter>
    </ClInclude>
    <ClInclude Include="..\include\qpid\base\amqp\MapHandler.h">
      <Filter>头文件\qpid\base\amqp</Filter>
    </ClInclude>
    <ClInclude Include="..\include\qpid\base\amqp\MapReader.h">
      <Filter>头文件\qpid\base\amqp</Filter>
    </ClInclude>
    <ClInclude Include="..\include\qpid\base\amqp\MapSizeCalculator.h">
      <Filter>头文件\qpid\base\amqp</Filter>
    </ClInclude>
    <ClInclude Include="..\include\qpid\base\amqp\MessageEncoder.h">
      <Filter>头文件\qpid\base\amqp</Filter>
    </ClInclude>
    <ClInclude Include="..\include\qpid\base\amqp\MessageId.h">
      <Filter>头文件\qpid\base\amqp</Filter>
    </ClInclude>
    <ClInclude Include="..\include\qpid\base\amqp\MessageReader.h">
      <Filter>头文件\qpid\base\amqp</Filter>
    </ClInclude>
    <ClInclude Include="..\include\qpid\base\amqp\Reader.h">
      <Filter>头文件\qpid\base\amqp</Filter>
    </ClInclude>
    <ClInclude Include="..\include\qpid\base\amqp\Sasl.h">
      <Filter>头文件\qpid\base\amqp</Filter>
    </ClInclude>
    <ClInclude Include="..\include\qpid\base\amqp\SaslClient.h">
      <Filter>头文件\qpid\base\amqp</Filter>
    </ClInclude>
    <ClInclude Include="..\include\qpid\base\amqp\SaslServer.h">
      <Filter>头文件\qpid\base\amqp</Filter>
    </ClInclude>
    <ClInclude Include="..\include\qpid\base\amqp\typecodes.h">
      <Filter>头文件\qpid\base\amqp</Filter>
    </ClInclude>
    <ClInclude Include="..\include\qpid\base\amqp\CharSequence.h">
      <Filter>头文件\qpid\base\amqp</Filter>
    </ClInclude>
    <ClInclude Include="..\include\qpid\base\amqp\Codec.h">
      <Filter>头文件\qpid\base\amqp</Filter>
    </ClInclude>
    <ClInclude Include="..\include\qpid\base\amqp\Constructor.h">
      <Filter>头文件\qpid\base\amqp</Filter>
    </ClInclude>
    <ClInclude Include="..\include\qpid\base\amqp\DataBuilder.h">
      <Filter>头文件\qpid\base\amqp</Filter>
    </ClInclude>
  </ItemGroup>
  <ItemGroup>
    <ClCompile Include="qpidbase.cpp">
      <Filter>源文件\qpid</Filter>
    </ClCompile>
    <ClCompile Include="qpid\base\Plugin.cpp">
      <Filter>源文件\qpid\base</Filter>
    </ClCompile>
    <ClCompile Include="qpid\base\SaslFactory.cpp">
      <Filter>源文件\qpid\base</Filter>
    </ClCompile>
    <ClCompile Include="qpid\base\SessionState.cpp">
      <Filter>源文件\qpid\base</Filter>
    </ClCompile>
    <ClCompile Include="qpid\base\UrlArray.cpp">
      <Filter>源文件\qpid\base</Filter>
    </ClCompile>
    <ClCompile Include="qpid\base\AclHost.cpp">
      <Filter>源文件\qpid\base</Filter>
    </ClCompile>
    <ClCompile Include="qpid\base\Address.cpp">
      <Filter>源文件\qpid\base</Filter>
    </ClCompile>
    <ClCompile Include="qpid\base\assert.cpp">
      <Filter>源文件\qpid\base</Filter>
    </ClCompile>
    <ClCompile Include="qpid\base\DataDir.cpp">
      <Filter>源文件\qpid\base</Filter>
    </ClCompile>
    <ClCompile Include="qpid\base\Modules.cpp">
      <Filter>源文件\qpid\base</Filter>
    </ClCompile>
    <ClCompile Include="qpid\base\NullSaslClient.cpp">
      <Filter>源文件\qpid\base</Filter>
    </ClCompile>
    <ClCompile Include="qpid\base\NullSaslServer.cpp">
      <Filter>源文件\qpid\base</Filter>
    </ClCompile>
    <ClCompile Include="qpid\base\SessionId.cpp">
      <Filter>源文件\qpid\base</Filter>
    </ClCompile>
    <ClCompile Include="qpid\base\amqp0_10\Codecs.cpp">
      <Filter>源文件\qpid\base\amqp0_10</Filter>
    </ClCompile>
    <ClCompile Include="qpid\base\amqp0_10\Connection.cpp">
      <Filter>源文件\qpid\base\amqp0_10</Filter>
    </ClCompile>
    <ClCompile Include="qpid\base\amqp0_10\SessionHandler.cpp">
      <Filter>源文件\qpid\base\amqp0_10</Filter>
    </ClCompile>
    <ClCompile Include="qpid\base\amqp\CharSequence.cpp">
      <Filter>源文件\qpid\base\amqp</Filter>
    </ClCompile>
    <ClCompile Include="qpid\base\amqp\DataBuilder.cpp">
      <Filter>源文件\qpid\base\amqp</Filter>
    </ClCompile>
    <ClCompile Include="qpid\base\amqp\Decoder.cpp">
      <Filter>源文件\qpid\base\amqp</Filter>
    </ClCompile>
    <ClCompile Include="qpid\base\amqp\Descriptor.cpp">
      <Filter>源文件\qpid\base\amqp</Filter>
    </ClCompile>
    <ClCompile Include="qpid\base\amqp\Encoder.cpp">
      <Filter>源文件\qpid\base\amqp</Filter>
    </ClCompile>
    <ClCompile Include="qpid\base\amqp\ListBuilder.cpp">
      <Filter>源文件\qpid\base\amqp</Filter>
    </ClCompile>
    <ClCompile Include="qpid\base\amqp\MapBuilder.cpp">
      <Filter>源文件\qpid\base\amqp</Filter>
    </ClCompile>
    <ClCompile Include="qpid\base\amqp\MapEncoder.cpp">
      <Filter>源文件\qpid\base\amqp</Filter>
    </ClCompile>
    <ClCompile Include="qpid\base\amqp\MapReader.cpp">
      <Filter>源文件\qpid\base\amqp</Filter>
    </ClCompile>
    <ClCompile Include="qpid\base\amqp\MapSizeCalculator.cpp">
      <Filter>源文件\qpid\base\amqp</Filter>
    </ClCompile>
    <ClCompile Include="qpid\base\amqp\MessageEncoder.cpp">
      <Filter>源文件\qpid\base\amqp</Filter>
    </ClCompile>
    <ClCompile Include="qpid\base\amqp\MessageId.cpp">
      <Filter>源文件\qpid\base\amqp</Filter>
    </ClCompile>
    <ClCompile Include="qpid\base\amqp\MessageReader.cpp">
      <Filter>源文件\qpid\base\amqp</Filter>
    </ClCompile>
    <ClCompile Include="qpid\base\amqp\Sasl.cpp">
      <Filter>源文件\qpid\base\amqp</Filter>
    </ClCompile>
    <ClCompile Include="qpid\base\amqp\SaslClient.cpp">
      <Filter>源文件\qpid\base\amqp</Filter>
    </ClCompile>
    <ClCompile Include="qpid\base\amqp\SaslServer.cpp">
      <Filter>源文件\qpid\base\amqp</Filter>
    </ClCompile>
  </ItemGroup>
</Project>