<?xml version="1.0" encoding="utf-8"?>
<Project ToolsVersion="4.0" xmlns="http://schemas.microsoft.com/developer/msbuild/2003">
  <ItemGroup>
    <Filter Include="源文件">
      <UniqueIdentifier>{4FC737F1-C7A5-4376-A066-2A32D752A2FF}</UniqueIdentifier>
      <Extensions>cpp;c;cc;cxx;def;odl;idl;hpj;bat;asm;asmx</Extensions>
    </Filter>
    <Filter Include="头文件">
      <UniqueIdentifier>{93995380-89BD-4b04-88EB-625FBE52EBFB}</UniqueIdentifier>
      <Extensions>h;hh;hpp;hxx;hm;inl;inc;ipp;xsd</Extensions>
    </Filter>
    <Filter Include="资源文件">
      <UniqueIdentifier>{67DA6AB6-F800-4c08-8B7A-83BB121AAD01}</UniqueIdentifier>
      <Extensions>rc;ico;cur;bmp;dlg;rc2;rct;bin;rgs;gif;jpg;jpeg;jpe;resx;tiff;tif;png;wav;mfcribbon-ms</Extensions>
    </Filter>
    <Filter Include="头文件\qpid">
      <UniqueIdentifier>{d00ed8e3-b9fb-4399-8751-4ebf23dd2645}</UniqueIdentifier>
    </Filter>
    <Filter Include="头文件\qpid\log">
      <UniqueIdentifier>{2863db7a-9844-407d-be06-005a83b38066}</UniqueIdentifier>
    </Filter>
    <Filter Include="头文件\qpid\log\windows">
      <UniqueIdentifier>{7ced43b4-0dc9-4b72-a262-94cf95624806}</UniqueIdentifier>
    </Filter>
    <Filter Include="源文件\qpid">
      <UniqueIdentifier>{51d91187-1d60-4d3a-a05e-b358949526f8}</UniqueIdentifier>
    </Filter>
    <Filter Include="源文件\qpid\log">
      <UniqueIdentifier>{ea4cf9ff-5f9a-46a3-8320-cc9350f4ebd5}</UniqueIdentifier>
    </Filter>
    <Filter Include="源文件\qpid\log\windows">
      <UniqueIdentifier>{c73f26d8-7488-470c-aee5-df8880068be8}</UniqueIdentifier>
    </Filter>
  </ItemGroup>
  <ItemGroup>
    <ClCompile Include="qpidlog.cpp">
      <Filter>源文件</Filter>
    </ClCompile>
    <ClCompile Include="qpid\log\windows\SinkOptions.cpp">
      <Filter>源文件\qpid\log\windows</Filter>
    </ClCompile>
    <ClCompile Include="qpid\log\Logger.cpp">
      <Filter>源文件\qpid\log</Filter>
    </ClCompile>
    <ClCompile Include="qpid\log\Options.cpp">
      <Filter>源文件\qpid\log</Filter>
    </ClCompile>
    <ClCompile Include="qpid\log\OstreamOutput.cpp">
      <Filter>源文件\qpid\log</Filter>
    </ClCompile>
    <ClCompile Include="qpid\log\Selector.cpp">
      <Filter>源文件\qpid\log</Filter>
    </ClCompile>
    <ClCompile Include="qpid\log\Statement.cpp">
      <Filter>源文件\qpid\log</Filter>
    </ClCompile>
  </ItemGroup>
  <ItemGroup>
    <ClInclude Include="..\include\qpid\log\Compile.h">
      <Filter>头文件\qpid\log</Filter>
    </ClInclude>
    <ClInclude Include="..\include\qpid\config.h">
      <Filter>头文件\qpid</Filter>
    </ClInclude>
    <ClInclude Include="..\include\qpid\ImportExport.h">
      <Filter>头文件\qpid</Filter>
    </ClInclude>
    <ClInclude Include="..\include\qpid\log\Helpers.h">
      <Filter>头文件\qpid\log</Filter>
    </ClInclude>
    <ClInclude Include="..\include\qpid\log\Logger.h">
      <Filter>头文件\qpid\log</Filter>
    </ClInclude>
    <ClInclude Include="..\include\qpid\log\Options.h">
      <Filter>头文件\qpid\log</Filter>
    </ClInclude>
    <ClInclude Include="..\include\qpid\log\OstreamOutput.h">
      <Filter>头文件\qpid\log</Filter>
    </ClInclude>
    <ClInclude Include="..\include\qpid\log\Selector.h">
      <Filter>头文件\qpid\log</Filter>
    </ClInclude>
    <ClInclude Include="..\include\qpid\log\SinkOptions.h">
      <Filter>头文件\qpid\log</Filter>
    </ClInclude>
    <ClInclude Include="..\include\qpid\log\Statement.h">
      <Filter>头文件\qpid\log</Filter>
    </ClInclude>
    <ClInclude Include="..\include\qpid\log\windows\SinkOptions.h">
      <Filter>头文件\qpid\log\windows</Filter>
    </ClInclude>
  </ItemGroup>
</Project>