<?xml version="1.0" encoding="utf-8"?>
<Project ToolsVersion="4.0" xmlns="http://schemas.microsoft.com/developer/msbuild/2003">
  <ItemGroup>
    <Filter Include="源文件">
      <UniqueIdentifier>{4FC737F1-C7A5-4376-A066-2A32D752A2FF}</UniqueIdentifier>
      <Extensions>cpp;c;cc;cxx;def;odl;idl;hpj;bat;asm;asmx</Extensions>
    </Filter>
    <Filter Include="头文件">
      <UniqueIdentifier>{93995380-89BD-4b04-88EB-625FBE52EBFB}</UniqueIdentifier>
      <Extensions>h;hh;hpp;hxx;hm;inl;inc;ipp;xsd</Extensions>
    </Filter>
    <Filter Include="资源文件">
      <UniqueIdentifier>{67DA6AB6-F800-4c08-8B7A-83BB121AAD01}</UniqueIdentifier>
      <Extensions>rc;ico;cur;bmp;dlg;rc2;rct;bin;rgs;gif;jpg;jpeg;jpe;resx;tiff;tif;png;wav;mfcribbon-ms</Extensions>
    </Filter>
  </ItemGroup>
  <ItemGroup>
    <ClCompile Include="qmf2.cpp">
      <Filter>源文件</Filter>
    </ClCompile>
    <ClCompile Include="Query.cpp">
      <Filter>源文件</Filter>
    </ClCompile>
    <ClCompile Include="Schema.cpp">
      <Filter>源文件</Filter>
    </ClCompile>
    <ClCompile Include="SchemaCache.cpp">
      <Filter>源文件</Filter>
    </ClCompile>
    <ClCompile Include="SchemaId.cpp">
      <Filter>源文件</Filter>
    </ClCompile>
    <ClCompile Include="SchemaMethod.cpp">
      <Filter>源文件</Filter>
    </ClCompile>
    <ClCompile Include="SchemaProperty.cpp">
      <Filter>源文件</Filter>
    </ClCompile>
    <ClCompile Include="Subscription.cpp">
      <Filter>源文件</Filter>
    </ClCompile>
    <ClCompile Include="Agent.cpp">
      <Filter>源文件</Filter>
    </ClCompile>
    <ClCompile Include="AgentEvent.cpp">
      <Filter>源文件</Filter>
    </ClCompile>
    <ClCompile Include="AgentSession.cpp">
      <Filter>源文件</Filter>
    </ClCompile>
    <ClCompile Include="AgentSubscription.cpp">
      <Filter>源文件</Filter>
    </ClCompile>
    <ClCompile Include="ConsoleEvent.cpp">
      <Filter>源文件</Filter>
    </ClCompile>
    <ClCompile Include="ConsoleSession.cpp">
      <Filter>源文件</Filter>
    </ClCompile>
    <ClCompile Include="constants.cpp">
      <Filter>源文件</Filter>
    </ClCompile>
    <ClCompile Include="Data.cpp">
      <Filter>源文件</Filter>
    </ClCompile>
    <ClCompile Include="DataAddr.cpp">
      <Filter>源文件</Filter>
    </ClCompile>
    <ClCompile Include="EventNotifierImpl.cpp">
      <Filter>源文件</Filter>
    </ClCompile>
    <ClCompile Include="exceptions.cpp">
      <Filter>源文件</Filter>
    </ClCompile>
    <ClCompile Include="Expression.cpp">
      <Filter>源文件</Filter>
    </ClCompile>
    <ClCompile Include="Hash.cpp">
      <Filter>源文件</Filter>
    </ClCompile>
    <ClCompile Include="Buffer.cpp">
      <Filter>源文件</Filter>
    </ClCompile>
    <ClCompile Include="ConnectionSettings.cpp">
      <Filter>源文件</Filter>
    </ClCompile>
    <ClCompile Include="Manageable.cpp">
      <Filter>源文件</Filter>
    </ClCompile>
    <ClCompile Include="ManagementObject.cpp">
      <Filter>源文件</Filter>
    </ClCompile>
    <ClCompile Include="Mutex.cpp">
      <Filter>源文件</Filter>
    </ClCompile>
  </ItemGroup>
  <ItemGroup>
    <ClInclude Include="..\include\qmf2\SchemaMethod.h">
      <Filter>头文件</Filter>
    </ClInclude>
    <ClInclude Include="..\include\qmf2\SchemaMethodImpl.h">
      <Filter>头文件</Filter>
    </ClInclude>
    <ClInclude Include="..\include\qmf2\SchemaProperty.h">
      <Filter>头文件</Filter>
    </ClInclude>
    <ClInclude Include="..\include\qmf2\SchemaPropertyImpl.h">
      <Filter>头文件</Filter>
    </ClInclude>
    <ClInclude Include="..\include\qmf2\SchemaTypes.h">
      <Filter>头文件</Filter>
    </ClInclude>
    <ClInclude Include="..\include\qmf2\Subscription.h">
      <Filter>头文件</Filter>
    </ClInclude>
    <ClInclude Include="..\include\qmf2\SubscriptionImpl.h">
      <Filter>头文件</Filter>
    </ClInclude>
    <ClInclude Include="..\include\qmf2\Agent.h">
      <Filter>头文件</Filter>
    </ClInclude>
    <ClInclude Include="..\include\qmf2\agentCapability.h">
      <Filter>头文件</Filter>
    </ClInclude>
    <ClInclude Include="..\include\qmf2\AgentEvent.h">
      <Filter>头文件</Filter>
    </ClInclude>
    <ClInclude Include="..\include\qmf2\AgentEventImpl.h">
      <Filter>头文件</Filter>
    </ClInclude>
    <ClInclude Include="..\include\qmf2\AgentImpl.h">
      <Filter>头文件</Filter>
    </ClInclude>
    <ClInclude Include="..\include\qmf2\AgentSession.h">
      <Filter>头文件</Filter>
    </ClInclude>
    <ClInclude Include="..\include\qmf2\AgentSessionImpl.h">
      <Filter>头文件</Filter>
    </ClInclude>
    <ClInclude Include="..\include\qmf2\AgentSubscription.h">
      <Filter>头文件</Filter>
    </ClInclude>
    <ClInclude Include="..\include\qmf2\ConsoleEvent.h">
      <Filter>头文件</Filter>
    </ClInclude>
    <ClInclude Include="..\include\qmf2\ConsoleEventImpl.h">
      <Filter>头文件</Filter>
    </ClInclude>
    <ClInclude Include="..\include\qmf2\ConsoleSession.h">
      <Filter>头文件</Filter>
    </ClInclude>
    <ClInclude Include="..\include\qmf2\ConsoleSessionImpl.h">
      <Filter>头文件</Filter>
    </ClInclude>
    <ClInclude Include="..\include\qmf2\constants.h">
      <Filter>头文件</Filter>
    </ClInclude>
    <ClInclude Include="..\include\qmf2\Data.h">
      <Filter>头文件</Filter>
    </ClInclude>
    <ClInclude Include="..\include\qmf2\DataAddr.h">
      <Filter>头文件</Filter>
    </ClInclude>
    <ClInclude Include="..\include\qmf2\DataAddrImpl.h">
      <Filter>头文件</Filter>
    </ClInclude>
    <ClInclude Include="..\include\qmf2\DataImpl.h">
      <Filter>头文件</Filter>
    </ClInclude>
    <ClInclude Include="..\include\qmf2\EventNotifierImpl.h">
      <Filter>头文件</Filter>
    </ClInclude>
    <ClInclude Include="..\include\qmf2\exceptions.h">
      <Filter>头文件</Filter>
    </ClInclude>
    <ClInclude Include="..\include\qmf2\Expression.h">
      <Filter>头文件</Filter>
    </ClInclude>
    <ClInclude Include="..\include\qmf2\Handle.h">
      <Filter>头文件</Filter>
    </ClInclude>
    <ClInclude Include="..\include\qmf2\Hash.h">
      <Filter>头文件</Filter>
    </ClInclude>
    <ClInclude Include="..\include\qmf2\PrivateImplRef.h">
      <Filter>头文件</Filter>
    </ClInclude>
    <ClInclude Include="..\include\qmf2\Query.h">
      <Filter>头文件</Filter>
    </ClInclude>
    <ClInclude Include="..\include\qmf2\QueryImpl.h">
      <Filter>头文件</Filter>
    </ClInclude>
    <ClInclude Include="..\include\qmf2\Schema.h">
      <Filter>头文件</Filter>
    </ClInclude>
    <ClInclude Include="..\include\qmf2\SchemaCache.h">
      <Filter>头文件</Filter>
    </ClInclude>
    <ClInclude Include="..\include\qmf2\SchemaId.h">
      <Filter>头文件</Filter>
    </ClInclude>
    <ClInclude Include="..\include\qmf2\SchemaIdImpl.h">
      <Filter>头文件</Filter>
    </ClInclude>
    <ClInclude Include="..\include\qmf2\SchemaImpl.h">
      <Filter>头文件</Filter>
    </ClInclude>
    <ClInclude Include="..\include\qmf2\Compile.h">
      <Filter>头文件</Filter>
    </ClInclude>
    <ClInclude Include="..\include\qmf2\Buffer.h">
      <Filter>头文件</Filter>
    </ClInclude>
    <ClInclude Include="..\include\qmf2\ManagementObject.h">
      <Filter>头文件</Filter>
    </ClInclude>
    <ClInclude Include="..\include\qmf2\Mutex.h">
      <Filter>头文件</Filter>
    </ClInclude>
    <ClInclude Include="..\include\qmf2\Args.h">
      <Filter>头文件</Filter>
    </ClInclude>
    <ClInclude Include="..\include\qmf2\ConnectionSettings.h">
      <Filter>头文件</Filter>
    </ClInclude>
    <ClInclude Include="..\include\qmf2\Manageable.h">
      <Filter>头文件</Filter>
    </ClInclude>
    <ClInclude Include="..\include\qmf2\ManagementEvent.h">
      <Filter>头文件</Filter>
    </ClInclude>
  </ItemGroup>
</Project>