<?xml version="1.0" encoding="utf-8"?>
<Project ToolsVersion="4.0" xmlns="http://schemas.microsoft.com/developer/msbuild/2003">
  <ItemGroup>
    <Filter Include="源文件">
      <UniqueIdentifier>{4FC737F1-C7A5-4376-A066-2A32D752A2FF}</UniqueIdentifier>
      <Extensions>cpp;c;cc;cxx;def;odl;idl;hpj;bat;asm;asmx</Extensions>
    </Filter>
    <Filter Include="头文件">
      <UniqueIdentifier>{93995380-89BD-4b04-88EB-625FBE52EBFB}</UniqueIdentifier>
      <Extensions>h;hh;hpp;hxx;hm;inl;inc;ipp;xsd</Extensions>
    </Filter>
    <Filter Include="资源文件">
      <UniqueIdentifier>{67DA6AB6-F800-4c08-8B7A-83BB121AAD01}</UniqueIdentifier>
      <Extensions>rc;ico;cur;bmp;dlg;rc2;rct;bin;rgs;gif;jpg;jpeg;jpe;resx;tiff;tif;png;wav;mfcribbon-ms</Extensions>
    </Filter>
  </ItemGroup>
  <ItemGroup>
    <ClInclude Include="..\include\qpid\amqp1_0\AddressHelper.h">
      <Filter>头文件</Filter>
    </ClInclude>
    <ClInclude Include="..\include\qpid\amqp1_0\ConnectionContext.h">
      <Filter>头文件</Filter>
    </ClInclude>
    <ClInclude Include="..\include\qpid\amqp1_0\PnData.h">
      <Filter>头文件</Filter>
    </ClInclude>
    <ClInclude Include="..\include\qpid\amqp1_0\ReceiverContext.h">
      <Filter>头文件</Filter>
    </ClInclude>
    <ClInclude Include="..\include\qpid\amqp1_0\Sasl.h">
      <Filter>头文件</Filter>
    </ClInclude>
    <ClInclude Include="..\include\qpid\amqp1_0\SaslClient.h">
      <Filter>头文件</Filter>
    </ClInclude>
    <ClInclude Include="..\include\qpid\amqp1_0\SaslReader.h">
      <Filter>头文件</Filter>
    </ClInclude>
    <ClInclude Include="..\include\qpid\amqp1_0\SaslServer.h">
      <Filter>头文件</Filter>
    </ClInclude>
    <ClInclude Include="..\include\qpid\amqp1_0\SenderContext.h">
      <Filter>头文件</Filter>
    </ClInclude>
    <ClInclude Include="..\include\qpid\amqp1_0\SessionContext.h">
      <Filter>头文件</Filter>
    </ClInclude>
    <ClInclude Include="..\include\qpid\amqp1_0\Transaction.h">
      <Filter>头文件</Filter>
    </ClInclude>
    <ClInclude Include="..\include\qpid\amqp1_0\util.h">
      <Filter>头文件</Filter>
    </ClInclude>
    <ClInclude Include="..\include\qpid\amqp1_0\ConnectionImpl.h">
      <Filter>头文件</Filter>
    </ClInclude>
    <ClInclude Include="..\include\qpid\amqp1_0\SessionImpl.h">
      <Filter>头文件</Filter>
    </ClInclude>
    <ClInclude Include="..\include\qpid\amqp1_0\Compile.h">
      <Filter>头文件</Filter>
    </ClInclude>
    <ClInclude Include="..\include\qpid\amqp1_0\ReceiverImpl.h">
      <Filter>头文件</Filter>
    </ClInclude>
    <ClInclude Include="..\include\qpid\amqp1_0\SenderImpl.h">
      <Filter>头文件</Filter>
    </ClInclude>
  </ItemGroup>
  <ItemGroup>
    <ClCompile Include="AddressHelper.cpp">
      <Filter>源文件</Filter>
    </ClCompile>
    <ClCompile Include="ConnectionContext.cpp">
      <Filter>源文件</Filter>
    </ClCompile>
    <ClCompile Include="PnData.cpp">
      <Filter>源文件</Filter>
    </ClCompile>
    <ClCompile Include="ReceiverContext.cpp">
      <Filter>源文件</Filter>
    </ClCompile>
    <ClCompile Include="Sasl.cpp">
      <Filter>源文件</Filter>
    </ClCompile>
    <ClCompile Include="SaslClient.cpp">
      <Filter>源文件</Filter>
    </ClCompile>
    <ClCompile Include="SaslReader.cpp">
      <Filter>源文件</Filter>
    </ClCompile>
    <ClCompile Include="SaslServer.cpp">
      <Filter>源文件</Filter>
    </ClCompile>
    <ClCompile Include="SenderContext.cpp">
      <Filter>源文件</Filter>
    </ClCompile>
    <ClCompile Include="SessionContext.cpp">
      <Filter>源文件</Filter>
    </ClCompile>
    <ClCompile Include="Transaction.cpp">
      <Filter>源文件</Filter>
    </ClCompile>
    <ClCompile Include="util.cpp">
      <Filter>源文件</Filter>
    </ClCompile>
    <ClCompile Include="ConnectionImpl.cpp">
      <Filter>源文件</Filter>
    </ClCompile>
    <ClCompile Include="ReceiverImpl.cpp">
      <Filter>源文件</Filter>
    </ClCompile>
    <ClCompile Include="SenderImpl.cpp">
      <Filter>源文件</Filter>
    </ClCompile>
    <ClCompile Include="SessionImpl.cpp">
      <Filter>源文件</Filter>
    </ClCompile>
  </ItemGroup>
</Project>