
Microsoft Visual Studio Solution File, Format Version 12.00
# Visual Studio 15
VisualStudioVersion = 15.0.28307.168
MinimumVisualStudioVersion = 10.0.40219.1
Project("{8BC9CEB8-8B4A-11D0-8D11-00A0C91BC942}") = "qpid-sys", "qpid-sys\qpid-sys.vcxproj", "{7FE0F2B7-0D9A-4EC0-B011-86A06806AEF7}"
EndProject
Project("{8BC9CEB8-8B4A-11D0-8D11-00A0C91BC942}") = "qpid-framing", "qpid-framing\qpid-framing.vcxproj", "{1B7BDF5A-6523-4F16-ADD7-D17CBA507312}"
	ProjectSection(ProjectDependencies) = postProject
		{F3BDE077-2EB4-4F0F-AA29-B077C69BDC00} = {F3BDE077-2EB4-4F0F-AA29-B077C69BDC00}
		{7FE0F2B7-0D9A-4EC0-B011-86A06806AEF7} = {7FE0F2B7-0D9A-4EC0-B011-86A06806AEF7}
	EndProjectSection
EndProject
Project("{8BC9CEB8-8B4A-11D0-8D11-00A0C91BC942}") = "qpid-types", "qpid-types\qpid-types.vcxproj", "{F3BDE077-2EB4-4F0F-AA29-B077C69BDC00}"
	ProjectSection(ProjectDependencies) = postProject
		{7FE0F2B7-0D9A-4EC0-B011-86A06806AEF7} = {7FE0F2B7-0D9A-4EC0-B011-86A06806AEF7}
	EndProjectSection
EndProject
Project("{8BC9CEB8-8B4A-11D0-8D11-00A0C91BC942}") = "qpid-amqp", "qpid-amqp\qpid-amqp.vcxproj", "{DBE25F00-E895-4B0D-B3A7-EC4177C8D4B0}"
	ProjectSection(ProjectDependencies) = postProject
		{1B7BDF5A-6523-4F16-ADD7-D17CBA507312} = {1B7BDF5A-6523-4F16-ADD7-D17CBA507312}
		{F3BDE077-2EB4-4F0F-AA29-B077C69BDC00} = {F3BDE077-2EB4-4F0F-AA29-B077C69BDC00}
		{7FE0F2B7-0D9A-4EC0-B011-86A06806AEF7} = {7FE0F2B7-0D9A-4EC0-B011-86A06806AEF7}
	EndProjectSection
EndProject
Project("{8BC9CEB8-8B4A-11D0-8D11-00A0C91BC942}") = "qpid-proton", "qpid-proton\qpid-proton.vcxproj", "{3108F83C-8E45-4C9C-B7E5-EBB4E4F2EF93}"
EndProject
Project("{8BC9CEB8-8B4A-11D0-8D11-00A0C91BC942}") = "qpid-amqp0_10", "qpid-amqp0_10\qpid-amqp0_10.vcxproj", "{FFFAD184-26D2-4A09-8073-E98AE6372CD2}"
	ProjectSection(ProjectDependencies) = postProject
		{DBE25F00-E895-4B0D-B3A7-EC4177C8D4B0} = {DBE25F00-E895-4B0D-B3A7-EC4177C8D4B0}
		{18A5CE58-B36D-49A0-B375-F764E24CED95} = {18A5CE58-B36D-49A0-B375-F764E24CED95}
		{1B7BDF5A-6523-4F16-ADD7-D17CBA507312} = {1B7BDF5A-6523-4F16-ADD7-D17CBA507312}
		{F3BDE077-2EB4-4F0F-AA29-B077C69BDC00} = {F3BDE077-2EB4-4F0F-AA29-B077C69BDC00}
		{7FE0F2B7-0D9A-4EC0-B011-86A06806AEF7} = {7FE0F2B7-0D9A-4EC0-B011-86A06806AEF7}
	EndProjectSection
EndProject
Project("{8BC9CEB8-8B4A-11D0-8D11-00A0C91BC942}") = "qpid-amqp1_0", "qpid-amqp1_0\qpid-amqp1_0.vcxproj", "{1132C970-D20B-4AED-887C-2C56F77DA9C2}"
	ProjectSection(ProjectDependencies) = postProject
		{DBE25F00-E895-4B0D-B3A7-EC4177C8D4B0} = {DBE25F00-E895-4B0D-B3A7-EC4177C8D4B0}
		{3108F83C-8E45-4C9C-B7E5-EBB4E4F2EF93} = {3108F83C-8E45-4C9C-B7E5-EBB4E4F2EF93}
		{1B7BDF5A-6523-4F16-ADD7-D17CBA507312} = {1B7BDF5A-6523-4F16-ADD7-D17CBA507312}
		{F3BDE077-2EB4-4F0F-AA29-B077C69BDC00} = {F3BDE077-2EB4-4F0F-AA29-B077C69BDC00}
		{7FE0F2B7-0D9A-4EC0-B011-86A06806AEF7} = {7FE0F2B7-0D9A-4EC0-B011-86A06806AEF7}
	EndProjectSection
EndProject
Project("{8BC9CEB8-8B4A-11D0-8D11-00A0C91BC942}") = "messaging_client", "test_suite\messaging\messaging_client.vcxproj", "{80B58CBC-FECA-1BAD-1FEE-AE349A6B75AA}"
	ProjectSection(ProjectDependencies) = postProject
		{DBE25F00-E895-4B0D-B3A7-EC4177C8D4B0} = {DBE25F00-E895-4B0D-B3A7-EC4177C8D4B0}
		{18A5CE58-B36D-49A0-B375-F764E24CED95} = {18A5CE58-B36D-49A0-B375-F764E24CED95}
		{1B7BDF5A-6523-4F16-ADD7-D17CBA507312} = {1B7BDF5A-6523-4F16-ADD7-D17CBA507312}
		{F3BDE077-2EB4-4F0F-AA29-B077C69BDC00} = {F3BDE077-2EB4-4F0F-AA29-B077C69BDC00}
		{FFFAD184-26D2-4A09-8073-E98AE6372CD2} = {FFFAD184-26D2-4A09-8073-E98AE6372CD2}
		{7FE0F2B7-0D9A-4EC0-B011-86A06806AEF7} = {7FE0F2B7-0D9A-4EC0-B011-86A06806AEF7}
	EndProjectSection
EndProject
Project("{8BC9CEB8-8B4A-11D0-8D11-00A0C91BC942}") = "qpid-driver", "qpid-driver\qpid-driver.vcxproj", "{18A5CE58-B36D-49A0-B375-F764E24CED95}"
	ProjectSection(ProjectDependencies) = postProject
		{DBE25F00-E895-4B0D-B3A7-EC4177C8D4B0} = {DBE25F00-E895-4B0D-B3A7-EC4177C8D4B0}
		{1B7BDF5A-6523-4F16-ADD7-D17CBA507312} = {1B7BDF5A-6523-4F16-ADD7-D17CBA507312}
		{F3BDE077-2EB4-4F0F-AA29-B077C69BDC00} = {F3BDE077-2EB4-4F0F-AA29-B077C69BDC00}
		{7FE0F2B7-0D9A-4EC0-B011-86A06806AEF7} = {7FE0F2B7-0D9A-4EC0-B011-86A06806AEF7}
	EndProjectSection
EndProject
Global
	GlobalSection(SolutionConfigurationPlatforms) = preSolution
		Debug|x64 = Debug|x64
		Debug|x86 = Debug|x86
		Release|x64 = Release|x64
		Release|x86 = Release|x86
	EndGlobalSection
	GlobalSection(ProjectConfigurationPlatforms) = postSolution
		{7FE0F2B7-0D9A-4EC0-B011-86A06806AEF7}.Debug|x64.ActiveCfg = Debug|x64
		{7FE0F2B7-0D9A-4EC0-B011-86A06806AEF7}.Debug|x64.Build.0 = Debug|x64
		{7FE0F2B7-0D9A-4EC0-B011-86A06806AEF7}.Debug|x86.ActiveCfg = Debug|Win32
		{7FE0F2B7-0D9A-4EC0-B011-86A06806AEF7}.Debug|x86.Build.0 = Debug|Win32
		{7FE0F2B7-0D9A-4EC0-B011-86A06806AEF7}.Release|x64.ActiveCfg = Release|x64
		{7FE0F2B7-0D9A-4EC0-B011-86A06806AEF7}.Release|x64.Build.0 = Release|x64
		{7FE0F2B7-0D9A-4EC0-B011-86A06806AEF7}.Release|x86.ActiveCfg = Release|Win32
		{7FE0F2B7-0D9A-4EC0-B011-86A06806AEF7}.Release|x86.Build.0 = Release|Win32
		{1B7BDF5A-6523-4F16-ADD7-D17CBA507312}.Debug|x64.ActiveCfg = Debug|x64
		{1B7BDF5A-6523-4F16-ADD7-D17CBA507312}.Debug|x64.Build.0 = Debug|x64
		{1B7BDF5A-6523-4F16-ADD7-D17CBA507312}.Debug|x86.ActiveCfg = Debug|Win32
		{1B7BDF5A-6523-4F16-ADD7-D17CBA507312}.Debug|x86.Build.0 = Debug|Win32
		{1B7BDF5A-6523-4F16-ADD7-D17CBA507312}.Release|x64.ActiveCfg = Release|x64
		{1B7BDF5A-6523-4F16-ADD7-D17CBA507312}.Release|x64.Build.0 = Release|x64
		{1B7BDF5A-6523-4F16-ADD7-D17CBA507312}.Release|x86.ActiveCfg = Release|Win32
		{1B7BDF5A-6523-4F16-ADD7-D17CBA507312}.Release|x86.Build.0 = Release|Win32
		{F3BDE077-2EB4-4F0F-AA29-B077C69BDC00}.Debug|x64.ActiveCfg = Debug|x64
		{F3BDE077-2EB4-4F0F-AA29-B077C69BDC00}.Debug|x64.Build.0 = Debug|x64
		{F3BDE077-2EB4-4F0F-AA29-B077C69BDC00}.Debug|x86.ActiveCfg = Debug|Win32
		{F3BDE077-2EB4-4F0F-AA29-B077C69BDC00}.Debug|x86.Build.0 = Debug|Win32
		{F3BDE077-2EB4-4F0F-AA29-B077C69BDC00}.Release|x64.ActiveCfg = Release|x64
		{F3BDE077-2EB4-4F0F-AA29-B077C69BDC00}.Release|x64.Build.0 = Release|x64
		{F3BDE077-2EB4-4F0F-AA29-B077C69BDC00}.Release|x86.ActiveCfg = Release|Win32
		{F3BDE077-2EB4-4F0F-AA29-B077C69BDC00}.Release|x86.Build.0 = Release|Win32
		{DBE25F00-E895-4B0D-B3A7-EC4177C8D4B0}.Debug|x64.ActiveCfg = Debug|x64
		{DBE25F00-E895-4B0D-B3A7-EC4177C8D4B0}.Debug|x64.Build.0 = Debug|x64
		{DBE25F00-E895-4B0D-B3A7-EC4177C8D4B0}.Debug|x86.ActiveCfg = Debug|Win32
		{DBE25F00-E895-4B0D-B3A7-EC4177C8D4B0}.Debug|x86.Build.0 = Debug|Win32
		{DBE25F00-E895-4B0D-B3A7-EC4177C8D4B0}.Release|x64.ActiveCfg = Release|x64
		{DBE25F00-E895-4B0D-B3A7-EC4177C8D4B0}.Release|x64.Build.0 = Release|x64
		{DBE25F00-E895-4B0D-B3A7-EC4177C8D4B0}.Release|x86.ActiveCfg = Release|Win32
		{DBE25F00-E895-4B0D-B3A7-EC4177C8D4B0}.Release|x86.Build.0 = Release|Win32
		{3108F83C-8E45-4C9C-B7E5-EBB4E4F2EF93}.Debug|x64.ActiveCfg = Debug|x64
		{3108F83C-8E45-4C9C-B7E5-EBB4E4F2EF93}.Debug|x64.Build.0 = Debug|x64
		{3108F83C-8E45-4C9C-B7E5-EBB4E4F2EF93}.Debug|x86.ActiveCfg = Debug|Win32
		{3108F83C-8E45-4C9C-B7E5-EBB4E4F2EF93}.Debug|x86.Build.0 = Debug|Win32
		{3108F83C-8E45-4C9C-B7E5-EBB4E4F2EF93}.Release|x64.ActiveCfg = Release|x64
		{3108F83C-8E45-4C9C-B7E5-EBB4E4F2EF93}.Release|x64.Build.0 = Release|x64
		{3108F83C-8E45-4C9C-B7E5-EBB4E4F2EF93}.Release|x86.ActiveCfg = Release|Win32
		{3108F83C-8E45-4C9C-B7E5-EBB4E4F2EF93}.Release|x86.Build.0 = Release|Win32
		{FFFAD184-26D2-4A09-8073-E98AE6372CD2}.Debug|x64.ActiveCfg = Debug|x64
		{FFFAD184-26D2-4A09-8073-E98AE6372CD2}.Debug|x64.Build.0 = Debug|x64
		{FFFAD184-26D2-4A09-8073-E98AE6372CD2}.Debug|x86.ActiveCfg = Debug|Win32
		{FFFAD184-26D2-4A09-8073-E98AE6372CD2}.Debug|x86.Build.0 = Debug|Win32
		{FFFAD184-26D2-4A09-8073-E98AE6372CD2}.Release|x64.ActiveCfg = Release|x64
		{FFFAD184-26D2-4A09-8073-E98AE6372CD2}.Release|x64.Build.0 = Release|x64
		{FFFAD184-26D2-4A09-8073-E98AE6372CD2}.Release|x86.ActiveCfg = Release|Win32
		{FFFAD184-26D2-4A09-8073-E98AE6372CD2}.Release|x86.Build.0 = Release|Win32
		{1132C970-D20B-4AED-887C-2C56F77DA9C2}.Debug|x64.ActiveCfg = Debug|x64
		{1132C970-D20B-4AED-887C-2C56F77DA9C2}.Debug|x64.Build.0 = Debug|x64
		{1132C970-D20B-4AED-887C-2C56F77DA9C2}.Debug|x86.ActiveCfg = Debug|Win32
		{1132C970-D20B-4AED-887C-2C56F77DA9C2}.Debug|x86.Build.0 = Debug|Win32
		{1132C970-D20B-4AED-887C-2C56F77DA9C2}.Release|x64.ActiveCfg = Release|x64
		{1132C970-D20B-4AED-887C-2C56F77DA9C2}.Release|x64.Build.0 = Release|x64
		{1132C970-D20B-4AED-887C-2C56F77DA9C2}.Release|x86.ActiveCfg = Release|Win32
		{1132C970-D20B-4AED-887C-2C56F77DA9C2}.Release|x86.Build.0 = Release|Win32
		{80B58CBC-FECA-1BAD-1FEE-AE349A6B75AA}.Debug|x64.ActiveCfg = Debug|x64
		{80B58CBC-FECA-1BAD-1FEE-AE349A6B75AA}.Debug|x64.Build.0 = Debug|x64
		{80B58CBC-FECA-1BAD-1FEE-AE349A6B75AA}.Debug|x86.ActiveCfg = Debug|Win32
		{80B58CBC-FECA-1BAD-1FEE-AE349A6B75AA}.Debug|x86.Build.0 = Debug|Win32
		{80B58CBC-FECA-1BAD-1FEE-AE349A6B75AA}.Release|x64.ActiveCfg = Release|x64
		{80B58CBC-FECA-1BAD-1FEE-AE349A6B75AA}.Release|x64.Build.0 = Release|x64
		{80B58CBC-FECA-1BAD-1FEE-AE349A6B75AA}.Release|x86.ActiveCfg = Release|Win32
		{80B58CBC-FECA-1BAD-1FEE-AE349A6B75AA}.Release|x86.Build.0 = Release|Win32
		{18A5CE58-B36D-49A0-B375-F764E24CED95}.Debug|x64.ActiveCfg = Debug|x64
		{18A5CE58-B36D-49A0-B375-F764E24CED95}.Debug|x64.Build.0 = Debug|x64
		{18A5CE58-B36D-49A0-B375-F764E24CED95}.Debug|x86.ActiveCfg = Debug|Win32
		{18A5CE58-B36D-49A0-B375-F764E24CED95}.Debug|x86.Build.0 = Debug|Win32
		{18A5CE58-B36D-49A0-B375-F764E24CED95}.Release|x64.ActiveCfg = Release|x64
		{18A5CE58-B36D-49A0-B375-F764E24CED95}.Release|x64.Build.0 = Release|x64
		{18A5CE58-B36D-49A0-B375-F764E24CED95}.Release|x86.ActiveCfg = Release|Win32
		{18A5CE58-B36D-49A0-B375-F764E24CED95}.Release|x86.Build.0 = Release|Win32
	EndGlobalSection
	GlobalSection(SolutionProperties) = preSolution
		HideSolutionNode = FALSE
	EndGlobalSection
	GlobalSection(ExtensibilityGlobals) = postSolution
		SolutionGuid = {BD089244-5E8C-4405-ABDE-D149E3ADFD50}
	EndGlobalSection
EndGlobal
