<?xml version="1.0" encoding="utf-8"?>
<Project ToolsVersion="4.0" xmlns="http://schemas.microsoft.com/developer/msbuild/2003">
  <ItemGroup>
    <Filter Include="源文件">
      <UniqueIdentifier>{4FC737F1-C7A5-4376-A066-2A32D752A2FF}</UniqueIdentifier>
      <Extensions>cpp;c;cc;cxx;def;odl;idl;hpj;bat;asm;asmx</Extensions>
    </Filter>
    <Filter Include="头文件">
      <UniqueIdentifier>{93995380-89BD-4b04-88EB-625FBE52EBFB}</UniqueIdentifier>
      <Extensions>h;hh;hpp;hxx;hm;inl;inc;ipp;xsd</Extensions>
    </Filter>
    <Filter Include="资源文件">
      <UniqueIdentifier>{67DA6AB6-F800-4c08-8B7A-83BB121AAD01}</UniqueIdentifier>
      <Extensions>rc;ico;cur;bmp;dlg;rc2;rct;bin;rgs;gif;jpg;jpeg;jpe;resx;tiff;tif;png;wav;mfcribbon-ms</Extensions>
    </Filter>
    <Filter Include="头文件\qpid">
      <UniqueIdentifier>{e147ae3f-1aec-463f-bb61-dc642094346d}</UniqueIdentifier>
    </Filter>
    <Filter Include="头文件\qpid\client">
      <UniqueIdentifier>{e4a367e8-547b-45cb-82cc-eb70c3e4ba64}</UniqueIdentifier>
    </Filter>
    <Filter Include="源文件\qpid">
      <UniqueIdentifier>{60c5ecfe-150e-492e-926d-7fc99d5f4e3b}</UniqueIdentifier>
    </Filter>
    <Filter Include="源文件\qpid\client">
      <UniqueIdentifier>{bbd3b941-9fe9-4888-b8d1-2cf1e06e5284}</UniqueIdentifier>
    </Filter>
    <Filter Include="头文件\qpid\client\no_keyword">
      <UniqueIdentifier>{68498003-0b32-4295-aba4-7d619191bdd3}</UniqueIdentifier>
    </Filter>
    <Filter Include="源文件\qpid\client\no_keyword">
      <UniqueIdentifier>{5737d0e6-d0aa-4c27-b77f-82394568a08e}</UniqueIdentifier>
    </Filter>
  </ItemGroup>
  <ItemGroup>
    <ClCompile Include="qpidclient.cpp">
      <Filter>源文件</Filter>
    </ClCompile>
    <ClCompile Include="qpid\client\MessageImpl.cpp">
      <Filter>源文件\qpid\client</Filter>
    </ClCompile>
    <ClCompile Include="qpid\client\MessageListener.cpp">
      <Filter>源文件\qpid\client</Filter>
    </ClCompile>
    <ClCompile Include="qpid\client\MessageReplayTracker.cpp">
      <Filter>源文件\qpid\client</Filter>
    </ClCompile>
    <ClCompile Include="qpid\client\QueueOptions.cpp">
      <Filter>源文件\qpid\client</Filter>
    </ClCompile>
    <ClCompile Include="qpid\client\Results.cpp">
      <Filter>源文件\qpid\client</Filter>
    </ClCompile>
    <ClCompile Include="qpid\client\SessionBase_0_10.cpp">
      <Filter>源文件\qpid\client</Filter>
    </ClCompile>
    <ClCompile Include="qpid\client\SessionImpl.cpp">
      <Filter>源文件\qpid\client</Filter>
    </ClCompile>
    <ClCompile Include="qpid\client\StateManager.cpp">
      <Filter>源文件\qpid\client</Filter>
    </ClCompile>
    <ClCompile Include="qpid\client\Subscription.cpp">
      <Filter>源文件\qpid\client</Filter>
    </ClCompile>
    <ClCompile Include="qpid\client\SubscriptionImpl.cpp">
      <Filter>源文件\qpid\client</Filter>
    </ClCompile>
    <ClCompile Include="qpid\client\SubscriptionManager.cpp">
      <Filter>源文件\qpid\client</Filter>
    </ClCompile>
    <ClCompile Include="qpid\client\SubscriptionManagerImpl.cpp">
      <Filter>源文件\qpid\client</Filter>
    </ClCompile>
    <ClCompile Include="qpid\client\TCPConnector.cpp">
      <Filter>源文件\qpid\client</Filter>
    </ClCompile>
    <ClCompile Include="qpid\client\Bounds.cpp">
      <Filter>源文件\qpid\client</Filter>
    </ClCompile>
    <ClCompile Include="qpid\client\Completion.cpp">
      <Filter>源文件\qpid\client</Filter>
    </ClCompile>
    <ClCompile Include="qpid\client\CompletionImpl.cpp">
      <Filter>源文件\qpid\client</Filter>
    </ClCompile>
    <ClCompile Include="qpid\client\Connection.cpp">
      <Filter>源文件\qpid\client</Filter>
    </ClCompile>
    <ClCompile Include="qpid\client\ConnectionHandler.cpp">
      <Filter>源文件\qpid\client</Filter>
    </ClCompile>
    <ClCompile Include="qpid\client\ConnectionImpl.cpp">
      <Filter>源文件\qpid\client</Filter>
    </ClCompile>
    <ClCompile Include="qpid\client\ConnectionSettings.cpp">
      <Filter>源文件\qpid\client</Filter>
    </ClCompile>
    <ClCompile Include="qpid\client\Connector.cpp">
      <Filter>源文件\qpid\client</Filter>
    </ClCompile>
    <ClCompile Include="qpid\client\Demux.cpp">
      <Filter>源文件\qpid\client</Filter>
    </ClCompile>
    <ClCompile Include="qpid\client\Dispatcher.cpp">
      <Filter>源文件\qpid\client</Filter>
    </ClCompile>
    <ClCompile Include="qpid\client\FailoverListener.cpp">
      <Filter>源文件\qpid\client</Filter>
    </ClCompile>
    <ClCompile Include="qpid\client\FailoverManager.cpp">
      <Filter>源文件\qpid\client</Filter>
    </ClCompile>
    <ClCompile Include="qpid\client\Future.cpp">
      <Filter>源文件\qpid\client</Filter>
    </ClCompile>
    <ClCompile Include="qpid\client\FutureCompletion.cpp">
      <Filter>源文件\qpid\client</Filter>
    </ClCompile>
    <ClCompile Include="qpid\client\FutureResult.cpp">
      <Filter>源文件\qpid\client</Filter>
    </ClCompile>
    <ClCompile Include="qpid\client\LoadPlugins.cpp">
      <Filter>源文件\qpid\client</Filter>
    </ClCompile>
    <ClCompile Include="qpid\client\LocalQueue.cpp">
      <Filter>源文件\qpid\client</Filter>
    </ClCompile>
    <ClCompile Include="qpid\client\LocalQueueImpl.cpp">
      <Filter>源文件\qpid\client</Filter>
    </ClCompile>
    <ClCompile Include="qpid\client\Message.cpp">
      <Filter>源文件\qpid\client</Filter>
    </ClCompile>
    <ClCompile Include="qpid\client\SessionId.cpp">
      <Filter>源文件\qpid\client</Filter>
    </ClCompile>
    <ClCompile Include="qpid\client\SessionState.cpp">
      <Filter>源文件\qpid\client</Filter>
    </ClCompile>
    <ClCompile Include="qpid\client\no_keyword\AsyncSession_0_10.cpp">
      <Filter>源文件\qpid\client\no_keyword</Filter>
    </ClCompile>
    <ClCompile Include="qpid\client\no_keyword\Session_0_10.cpp">
      <Filter>源文件\qpid\client\no_keyword</Filter>
    </ClCompile>
  </ItemGroup>
  <ItemGroup>
    <ClInclude Include="..\include\qpid\config.h">
      <Filter>头文件\qpid</Filter>
    </ClInclude>
    <ClInclude Include="..\include\qpid\ImportExport.h">
      <Filter>头文件\qpid</Filter>
    </ClInclude>
    <ClInclude Include="..\include\qpid\client\Session.h">
      <Filter>头文件\qpid\client</Filter>
    </ClInclude>
    <ClInclude Include="..\include\qpid\client\Session_0_10.h">
      <Filter>头文件\qpid\client</Filter>
    </ClInclude>
    <ClInclude Include="..\include\qpid\client\SessionBase_0_10.h">
      <Filter>头文件\qpid\client</Filter>
    </ClInclude>
    <ClInclude Include="..\include\qpid\client\SessionBase_0_10Access.h">
      <Filter>头文件\qpid\client</Filter>
    </ClInclude>
    <ClInclude Include="..\include\qpid\client\SessionImpl.h">
      <Filter>头文件\qpid\client</Filter>
    </ClInclude>
    <ClInclude Include="..\include\qpid\client\ssl.h">
      <Filter>头文件\qpid\client</Filter>
    </ClInclude>
    <ClInclude Include="..\include\qpid\client\StateManager.h">
      <Filter>头文件\qpid\client</Filter>
    </ClInclude>
    <ClInclude Include="..\include\qpid\client\Subscription.h">
      <Filter>头文件\qpid\client</Filter>
    </ClInclude>
    <ClInclude Include="..\include\qpid\client\SubscriptionImpl.h">
      <Filter>头文件\qpid\client</Filter>
    </ClInclude>
    <ClInclude Include="..\include\qpid\client\SubscriptionManager.h">
      <Filter>头文件\qpid\client</Filter>
    </ClInclude>
    <ClInclude Include="..\include\qpid\client\SubscriptionManagerImpl.h">
      <Filter>头文件\qpid\client</Filter>
    </ClInclude>
    <ClInclude Include="..\include\qpid\client\SubscriptionSettings.h">
      <Filter>头文件\qpid\client</Filter>
    </ClInclude>
    <ClInclude Include="..\include\qpid\client\TCPConnector.h">
      <Filter>头文件\qpid\client</Filter>
    </ClInclude>
    <ClInclude Include="..\include\qpid\client\TypedResult.h">
      <Filter>头文件\qpid\client</Filter>
    </ClInclude>
    <ClInclude Include="..\include\qpid\client\arg.h">
      <Filter>头文件\qpid\client</Filter>
    </ClInclude>
    <ClInclude Include="..\include\qpid\client\AsyncSession.h">
      <Filter>头文件\qpid\client</Filter>
    </ClInclude>
    <ClInclude Include="..\include\qpid\client\AsyncSession_0_10.h">
      <Filter>头文件\qpid\client</Filter>
    </ClInclude>
    <ClInclude Include="..\include\qpid\client\Bounds.h">
      <Filter>头文件\qpid\client</Filter>
    </ClInclude>
    <ClInclude Include="..\include\qpid\client\ChainableFrameHandler.h">
      <Filter>头文件\qpid\client</Filter>
    </ClInclude>
    <ClInclude Include="..\include\qpid\client\Compile.h">
      <Filter>头文件\qpid\client</Filter>
    </ClInclude>
    <ClInclude Include="..\include\qpid\client\Completion.h">
      <Filter>头文件\qpid\client</Filter>
    </ClInclude>
    <ClInclude Include="..\include\qpid\client\CompletionImpl.h">
      <Filter>头文件\qpid\client</Filter>
    </ClInclude>
    <ClInclude Include="..\include\qpid\client\Connection.h">
      <Filter>头文件\qpid\client</Filter>
    </ClInclude>
    <ClInclude Include="..\include\qpid\client\ConnectionAccess.h">
      <Filter>头文件\qpid\client</Filter>
    </ClInclude>
    <ClInclude Include="..\include\qpid\client\ConnectionHandler.h">
      <Filter>头文件\qpid\client</Filter>
    </ClInclude>
    <ClInclude Include="..\include\qpid\client\ConnectionImpl.h">
      <Filter>头文件\qpid\client</Filter>
    </ClInclude>
    <ClInclude Include="..\include\qpid\client\ConnectionSettings.h">
      <Filter>头文件\qpid\client</Filter>
    </ClInclude>
    <ClInclude Include="..\include\qpid\client\Connector.h">
      <Filter>头文件\qpid\client</Filter>
    </ClInclude>
    <ClInclude Include="..\include\qpid\client\Demux.h">
      <Filter>头文件\qpid\client</Filter>
    </ClInclude>
    <ClInclude Include="..\include\qpid\client\Dispatcher.h">
      <Filter>头文件\qpid\client</Filter>
    </ClInclude>
    <ClInclude Include="..\include\qpid\client\Execution.h">
      <Filter>头文件\qpid\client</Filter>
    </ClInclude>
    <ClInclude Include="..\include\qpid\client\FailoverListener.h">
      <Filter>头文件\qpid\client</Filter>
    </ClInclude>
    <ClInclude Include="..\include\qpid\client\FailoverManager.h">
      <Filter>头文件\qpid\client</Filter>
    </ClInclude>
    <ClInclude Include="..\include\qpid\client\FlowControl.h">
      <Filter>头文件\qpid\client</Filter>
    </ClInclude>
    <ClInclude Include="..\include\qpid\client\Future.h">
      <Filter>头文件\qpid\client</Filter>
    </ClInclude>
    <ClInclude Include="..\include\qpid\client\FutureCompletion.h">
      <Filter>头文件\qpid\client</Filter>
    </ClInclude>
    <ClInclude Include="..\include\qpid\client\FutureResult.h">
      <Filter>头文件\qpid\client</Filter>
    </ClInclude>
    <ClInclude Include="..\include\qpid\client\Handle.h">
      <Filter>头文件\qpid\client</Filter>
    </ClInclude>
    <ClInclude Include="..\include\qpid\client\LoadPlugins.h">
      <Filter>头文件\qpid\client</Filter>
    </ClInclude>
    <ClInclude Include="..\include\qpid\client\LocalQueue.h">
      <Filter>头文件\qpid\client</Filter>
    </ClInclude>
    <ClInclude Include="..\include\qpid\client\LocalQueueImpl.h">
      <Filter>头文件\qpid\client</Filter>
    </ClInclude>
    <ClInclude Include="..\include\qpid\client\Message.h">
      <Filter>头文件\qpid\client</Filter>
    </ClInclude>
    <ClInclude Include="..\include\qpid\client\MessageImpl.h">
      <Filter>头文件\qpid\client</Filter>
    </ClInclude>
    <ClInclude Include="..\include\qpid\client\MessageListener.h">
      <Filter>头文件\qpid\client</Filter>
    </ClInclude>
    <ClInclude Include="..\include\qpid\client\MessageReplayTracker.h">
      <Filter>头文件\qpid\client</Filter>
    </ClInclude>
    <ClInclude Include="..\include\qpid\client\PrivateImplRef.h">
      <Filter>头文件\qpid\client</Filter>
    </ClInclude>
    <ClInclude Include="..\include\qpid\client\QueueOptions.h">
      <Filter>头文件\qpid\client</Filter>
    </ClInclude>
    <ClInclude Include="..\include\qpid\client\Results.h">
      <Filter>头文件\qpid\client</Filter>
    </ClInclude>
    <ClInclude Include="..\include\qpid\client\no_keyword\AsyncSession_0_10.h">
      <Filter>头文件\qpid\client\no_keyword</Filter>
    </ClInclude>
    <ClInclude Include="..\include\qpid\client\no_keyword\Session_0_10.h">
      <Filter>头文件\qpid\client\no_keyword</Filter>
    </ClInclude>
    <ClInclude Include="..\include\qpid\client\SessionId.h">
      <Filter>头文件\qpid\client</Filter>
    </ClInclude>
    <ClInclude Include="..\include\qpid\client\SessionState.h">
      <Filter>头文件\qpid\client</Filter>
    </ClInclude>
  </ItemGroup>
</Project>