<?xml version="1.0" encoding="utf-8"?>
<Project ToolsVersion="4.0" xmlns="http://schemas.microsoft.com/developer/msbuild/2003">
  <ItemGroup>
    <Filter Include="源文件">
      <UniqueIdentifier>{4FC737F1-C7A5-4376-A066-2A32D752A2FF}</UniqueIdentifier>
      <Extensions>cpp;c;cc;cxx;def;odl;idl;hpj;bat;asm;asmx</Extensions>
    </Filter>
    <Filter Include="头文件">
      <UniqueIdentifier>{93995380-89BD-4b04-88EB-625FBE52EBFB}</UniqueIdentifier>
      <Extensions>h;hh;hpp;hxx;hm;inl;inc;ipp;xsd</Extensions>
    </Filter>
    <Filter Include="资源文件">
      <UniqueIdentifier>{67DA6AB6-F800-4c08-8B7A-83BB121AAD01}</UniqueIdentifier>
      <Extensions>rc;ico;cur;bmp;dlg;rc2;rct;bin;rgs;gif;jpg;jpeg;jpe;resx;tiff;tif;png;wav;mfcribbon-ms</Extensions>
    </Filter>
  </ItemGroup>
  <ItemGroup>
    <ClInclude Include="..\include\qpid\driver\Compile.h">
      <Filter>头文件</Filter>
    </ClInclude>
    <ClInclude Include="..\include\qpid\driver\Completion.h">
      <Filter>头文件</Filter>
    </ClInclude>
    <ClInclude Include="..\include\qpid\driver\Connection.h">
      <Filter>头文件</Filter>
    </ClInclude>
    <ClInclude Include="..\include\qpid\driver\Session.h">
      <Filter>头文件</Filter>
    </ClInclude>
    <ClInclude Include="..\include\qpid\driver\CompletionImpl.h">
      <Filter>头文件</Filter>
    </ClInclude>
    <ClInclude Include="..\include\qpid\driver\ConnectionImpl.h">
      <Filter>头文件</Filter>
    </ClInclude>
    <ClInclude Include="..\include\qpid\driver\MessageImpl.h">
      <Filter>头文件</Filter>
    </ClInclude>
    <ClInclude Include="..\include\qpid\driver\PrivateImplRef.h">
      <Filter>头文件</Filter>
    </ClInclude>
    <ClInclude Include="..\include\qpid\driver\SessionImpl.h">
      <Filter>头文件</Filter>
    </ClInclude>
    <ClInclude Include="..\include\qpid\driver\SubscriptionImpl.h">
      <Filter>头文件</Filter>
    </ClInclude>
    <ClInclude Include="..\include\qpid\driver\Results.h">
      <Filter>头文件</Filter>
    </ClInclude>
    <ClInclude Include="..\include\qpid\driver\SessionId.h">
      <Filter>头文件</Filter>
    </ClInclude>
    <ClInclude Include="..\include\qpid\driver\SessionState.h">
      <Filter>头文件</Filter>
    </ClInclude>
    <ClInclude Include="..\include\qpid\driver\Demux.h">
      <Filter>头文件</Filter>
    </ClInclude>
    <ClInclude Include="..\include\qpid\driver\Execution.h">
      <Filter>头文件</Filter>
    </ClInclude>
    <ClInclude Include="..\include\qpid\driver\SessionBase0_10Access.h">
      <Filter>头文件</Filter>
    </ClInclude>
    <ClInclude Include="..\include\qpid\driver\Session0_10.h">
      <Filter>头文件</Filter>
    </ClInclude>
    <ClInclude Include="..\include\qpid\driver\SessionBase0_10.h">
      <Filter>头文件</Filter>
    </ClInclude>
    <ClInclude Include="..\include\qpid\driver\TypedResult.h">
      <Filter>头文件</Filter>
    </ClInclude>
    <ClInclude Include="..\include\qpid\driver\Message.h">
      <Filter>头文件</Filter>
    </ClInclude>
    <ClInclude Include="..\include\qpid\driver\Handle.h">
      <Filter>头文件</Filter>
    </ClInclude>
    <ClInclude Include="..\include\qpid\driver\Future.h">
      <Filter>头文件</Filter>
    </ClInclude>
    <ClInclude Include="..\include\qpid\driver\FutureCompletion.h">
      <Filter>头文件</Filter>
    </ClInclude>
    <ClInclude Include="..\include\qpid\driver\FutureResult.h">
      <Filter>头文件</Filter>
    </ClInclude>
    <ClInclude Include="..\include\qpid\driver\Bounds.h">
      <Filter>头文件</Filter>
    </ClInclude>
    <ClInclude Include="..\include\qpid\driver\ConnectionHandler.h">
      <Filter>头文件</Filter>
    </ClInclude>
    <ClInclude Include="..\include\qpid\driver\StateManager.h">
      <Filter>头文件</Filter>
    </ClInclude>
    <ClInclude Include="..\include\qpid\driver\ChainableFrameHandler.h">
      <Filter>头文件</Filter>
    </ClInclude>
    <ClInclude Include="..\include\qpid\driver\MessageListener.h">
      <Filter>头文件</Filter>
    </ClInclude>
    <ClInclude Include="..\include\qpid\driver\ConnectionAccess.h">
      <Filter>头文件</Filter>
    </ClInclude>
    <ClInclude Include="..\include\qpid\driver\Connector.h">
      <Filter>头文件</Filter>
    </ClInclude>
    <ClInclude Include="..\include\qpid\driver\LoadPlugins.h">
      <Filter>头文件</Filter>
    </ClInclude>
    <ClInclude Include="..\include\qpid\driver\SubscriptionManager.h">
      <Filter>头文件</Filter>
    </ClInclude>
    <ClInclude Include="..\include\qpid\driver\SubscriptionManagerImpl.h">
      <Filter>头文件</Filter>
    </ClInclude>
    <ClInclude Include="..\include\qpid\driver\LocalQueue.h">
      <Filter>头文件</Filter>
    </ClInclude>
    <ClInclude Include="..\include\qpid\driver\LocalQueueImpl.h">
      <Filter>头文件</Filter>
    </ClInclude>
    <ClInclude Include="..\include\qpid\driver\Dispatcher.h">
      <Filter>头文件</Filter>
    </ClInclude>
    <ClInclude Include="..\include\qpid\driver\Subscription.h">
      <Filter>头文件</Filter>
    </ClInclude>
    <ClInclude Include="..\include\qpid\driver\SubscriptionSettings.h">
      <Filter>头文件</Filter>
    </ClInclude>
    <ClInclude Include="..\include\qpid\driver\FlowControl.h">
      <Filter>头文件</Filter>
    </ClInclude>
    <ClInclude Include="..\include\qpid\driver\AsyncSession0_10.h">
      <Filter>头文件</Filter>
    </ClInclude>
    <ClInclude Include="..\include\qpid\driver\AsyncSession.h">
      <Filter>头文件</Filter>
    </ClInclude>
    <ClInclude Include="..\include\qpid\driver\TCPConnector.h">
      <Filter>头文件</Filter>
    </ClInclude>
  </ItemGroup>
  <ItemGroup>
    <ClCompile Include="Future.cpp">
      <Filter>源文件</Filter>
    </ClCompile>
    <ClCompile Include="FutureCompletion.cpp">
      <Filter>源文件</Filter>
    </ClCompile>
    <ClCompile Include="FutureResult.cpp">
      <Filter>源文件</Filter>
    </ClCompile>
    <ClCompile Include="Message.cpp">
      <Filter>源文件</Filter>
    </ClCompile>
    <ClCompile Include="SessionId.cpp">
      <Filter>源文件</Filter>
    </ClCompile>
    <ClCompile Include="SessionImpl.cpp">
      <Filter>源文件</Filter>
    </ClCompile>
    <ClCompile Include="SessionState.cpp">
      <Filter>源文件</Filter>
    </ClCompile>
    <ClCompile Include="MessageImpl.cpp">
      <Filter>源文件</Filter>
    </ClCompile>
    <ClCompile Include="MessageListener.cpp">
      <Filter>源文件</Filter>
    </ClCompile>
    <ClCompile Include="CompletionImpl.cpp">
      <Filter>源文件</Filter>
    </ClCompile>
    <ClCompile Include="Bounds.cpp">
      <Filter>源文件</Filter>
    </ClCompile>
    <ClCompile Include="Completion.cpp">
      <Filter>源文件</Filter>
    </ClCompile>
    <ClCompile Include="Connection.cpp">
      <Filter>源文件</Filter>
    </ClCompile>
    <ClCompile Include="Demux.cpp">
      <Filter>源文件</Filter>
    </ClCompile>
    <ClCompile Include="Results.cpp">
      <Filter>源文件</Filter>
    </ClCompile>
    <ClCompile Include="ConnectionImpl.cpp">
      <Filter>源文件</Filter>
    </ClCompile>
    <ClCompile Include="ConnectionHandler.cpp">
      <Filter>源文件</Filter>
    </ClCompile>
    <ClCompile Include="Connector.cpp">
      <Filter>源文件</Filter>
    </ClCompile>
    <ClCompile Include="StateManager.cpp">
      <Filter>源文件</Filter>
    </ClCompile>
    <ClCompile Include="Subscription.cpp">
      <Filter>源文件</Filter>
    </ClCompile>
    <ClCompile Include="SubscriptionImpl.cpp">
      <Filter>源文件</Filter>
    </ClCompile>
    <ClCompile Include="SubscriptionManager.cpp">
      <Filter>源文件</Filter>
    </ClCompile>
    <ClCompile Include="SubscriptionManagerImpl.cpp">
      <Filter>源文件</Filter>
    </ClCompile>
    <ClCompile Include="Dispatcher.cpp">
      <Filter>源文件</Filter>
    </ClCompile>
    <ClCompile Include="LocalQueue.cpp">
      <Filter>源文件</Filter>
    </ClCompile>
    <ClCompile Include="LocalQueueImpl.cpp">
      <Filter>源文件</Filter>
    </ClCompile>
    <ClCompile Include="AsyncSession_0_10.cpp">
      <Filter>源文件</Filter>
    </ClCompile>
    <ClCompile Include="Session_0_10.cpp">
      <Filter>源文件</Filter>
    </ClCompile>
    <ClCompile Include="SessionBase0_10.cpp">
      <Filter>源文件</Filter>
    </ClCompile>
    <ClCompile Include="TCPConnector.cpp">
      <Filter>源文件</Filter>
    </ClCompile>
  </ItemGroup>
</Project>