<?xml version="1.0" encoding="utf-8"?>
<Project ToolsVersion="4.0" xmlns="http://schemas.microsoft.com/developer/msbuild/2003">
  <ItemGroup>
    <Filter Include="源文件">
      <UniqueIdentifier>{4FC737F1-C7A5-4376-A066-2A32D752A2FF}</UniqueIdentifier>
      <Extensions>cpp;c;cc;cxx;def;odl;idl;hpj;bat;asm;asmx</Extensions>
    </Filter>
    <Filter Include="头文件">
      <UniqueIdentifier>{93995380-89BD-4b04-88EB-625FBE52EBFB}</UniqueIdentifier>
      <Extensions>h;hh;hpp;hxx;hm;inl;inc;ipp;xsd</Extensions>
    </Filter>
    <Filter Include="资源文件">
      <UniqueIdentifier>{67DA6AB6-F800-4c08-8B7A-83BB121AAD01}</UniqueIdentifier>
      <Extensions>rc;ico;cur;bmp;dlg;rc2;rct;bin;rgs;gif;jpg;jpeg;jpe;resx;tiff;tif;png;wav;mfcribbon-ms</Extensions>
    </Filter>
    <Filter Include="源文件\windows">
      <UniqueIdentifier>{787b8458-07a4-4b7d-902e-a909fceda52a}</UniqueIdentifier>
    </Filter>
  </ItemGroup>
  <ItemGroup>
    <ClInclude Include="..\include\qpid\sys\Compile.h">
      <Filter>头文件</Filter>
    </ClInclude>
    <ClInclude Include="..\include\qpid\sys\IntegerTypes.h">
      <Filter>头文件</Filter>
    </ClInclude>
    <ClInclude Include="..\include\qpid\sys\FileSysDir.h">
      <Filter>头文件</Filter>
    </ClInclude>
    <ClInclude Include="..\include\qpid\sys\uuid.h">
      <Filter>头文件</Filter>
    </ClInclude>
    <ClInclude Include="..\include\qpid\sys\StrError.h">
      <Filter>头文件</Filter>
    </ClInclude>
    <ClInclude Include="..\include\qpid\sys\Exception.h">
      <Filter>头文件</Filter>
    </ClInclude>
    <ClInclude Include="..\include\qpid\sys\LockFile.h">
      <Filter>头文件</Filter>
    </ClInclude>
    <ClInclude Include="..\include\qpid\sys\Msg.h">
      <Filter>头文件</Filter>
    </ClInclude>
    <ClInclude Include="..\include\qpid\sys\MemoryMappedFile.h">
      <Filter>头文件</Filter>
    </ClInclude>
    <ClInclude Include="..\include\qpid\sys\Path.h">
      <Filter>头文件</Filter>
    </ClInclude>
    <ClInclude Include="..\include\qpid\sys\PipeHandle.h">
      <Filter>头文件</Filter>
    </ClInclude>
    <ClInclude Include="..\include\qpid\sys\Shlib.h">
      <Filter>头文件</Filter>
    </ClInclude>
    <ClInclude Include="..\include\qpid\sys\SocketAddress.h">
      <Filter>头文件</Filter>
    </ClInclude>
    <ClInclude Include="..\include\qpid\sys\SystemInfo.h">
      <Filter>头文件</Filter>
    </ClInclude>
    <ClInclude Include="..\include\qpid\sys\Address.h">
      <Filter>头文件</Filter>
    </ClInclude>
    <ClInclude Include="..\include\qpid\sys\Thread.h">
      <Filter>头文件</Filter>
    </ClInclude>
    <ClInclude Include="..\include\qpid\sys\Runnable.h">
      <Filter>头文件</Filter>
    </ClInclude>
    <ClInclude Include="..\include\qpid\sys\Time.h">
      <Filter>头文件</Filter>
    </ClInclude>
    <ClInclude Include="..\include\qpid\sys\AsynchIO.h">
      <Filter>头文件</Filter>
    </ClInclude>
    <ClInclude Include="..\include\qpid\sys\AsynchIOHandler.h">
      <Filter>头文件</Filter>
    </ClInclude>
    <ClInclude Include="..\include\qpid\sys\Socket.h">
      <Filter>头文件</Filter>
    </ClInclude>
    <ClInclude Include="..\include\qpid\sys\Statement.h">
      <Filter>头文件</Filter>
    </ClInclude>
    <ClInclude Include="..\include\qpid\sys\Selector.h">
      <Filter>头文件</Filter>
    </ClInclude>
    <ClInclude Include="..\include\qpid\sys\OstreamOutput.h">
      <Filter>头文件</Filter>
    </ClInclude>
    <ClInclude Include="..\include\qpid\sys\SinkOptions.h">
      <Filter>头文件</Filter>
    </ClInclude>
    <ClInclude Include="..\include\qpid\sys\Options.h">
      <Filter>头文件</Filter>
    </ClInclude>
    <ClInclude Include="..\include\qpid\sys\OptionsTemplates.h">
      <Filter>头文件</Filter>
    </ClInclude>
    <ClInclude Include="..\include\qpid\sys\Helpers.h">
      <Filter>头文件</Filter>
    </ClInclude>
    <ClInclude Include="..\include\qpid\sys\Logger.h">
      <Filter>头文件</Filter>
    </ClInclude>
    <ClInclude Include="..\include\qpid\sys\MutexTemplate.h">
      <Filter>头文件</Filter>
    </ClInclude>
    <ClInclude Include="..\include\qpid\sys\Mutex.h">
      <Filter>头文件</Filter>
    </ClInclude>
    <ClInclude Include="..\include\qpid\sys\SecuritySettings.h">
      <Filter>头文件</Filter>
    </ClInclude>
    <ClInclude Include="..\include\qpid\sys\Poller.h">
      <Filter>头文件</Filter>
    </ClInclude>
    <ClInclude Include="..\include\qpid\sys\IOHandle.h">
      <Filter>头文件</Filter>
    </ClInclude>
    <ClInclude Include="..\include\qpid\sys\PollableCondition.h">
      <Filter>头文件</Filter>
    </ClInclude>
    <ClInclude Include="..\include\qpid\sys\Modules.h">
      <Filter>头文件</Filter>
    </ClInclude>
    <ClInclude Include="..\include\qpid\sys\StringUtils.h">
      <Filter>头文件</Filter>
    </ClInclude>
    <ClInclude Include="..\include\qpid\sys\Timer.h">
      <Filter>头文件</Filter>
    </ClInclude>
    <ClInclude Include="..\include\qpid\sys\TimerWarnings.h">
      <Filter>头文件</Filter>
    </ClInclude>
    <ClInclude Include="..\include\qpid\sys\Url.h">
      <Filter>头文件</Filter>
    </ClInclude>
    <ClInclude Include="..\include\qpid\sys\Monitor.h">
      <Filter>头文件</Filter>
    </ClInclude>
    <ClInclude Include="..\include\qpid\sys\RefCounted.h">
      <Filter>头文件</Filter>
    </ClInclude>
    <ClInclude Include="..\include\qpid\sys\Condition.h">
      <Filter>头文件</Filter>
    </ClInclude>
    <ClInclude Include="..\include\qpid\sys\TransportFactory.h">
      <Filter>头文件</Filter>
    </ClInclude>
    <ClInclude Include="..\include\qpid\sys\SharedObject.h">
      <Filter>头文件</Filter>
    </ClInclude>
    <ClInclude Include="..\include\qpid\sys\Codec.h">
      <Filter>头文件</Filter>
    </ClInclude>
    <ClInclude Include="..\include\qpid\sys\ConnectionCodec.h">
      <Filter>头文件</Filter>
    </ClInclude>
    <ClInclude Include="..\include\qpid\sys\ProtocolVersion.h">
      <Filter>头文件</Filter>
    </ClInclude>
    <ClInclude Include="..\include\qpid\sys\OutputTask.h">
      <Filter>头文件</Filter>
    </ClInclude>
    <ClInclude Include="..\include\qpid\sys\OutputControl.h">
      <Filter>头文件</Filter>
    </ClInclude>
    <ClInclude Include="..\include\qpid\sys\AtomicCount.h">
      <Filter>头文件</Filter>
    </ClInclude>
    <ClInclude Include="..\include\qpid\sys\AtomicValue.h">
      <Filter>头文件</Filter>
    </ClInclude>
    <ClInclude Include="..\include\qpid\sys\NullSaslClient.h">
      <Filter>头文件</Filter>
    </ClInclude>
    <ClInclude Include="..\include\qpid\sys\NullSaslServer.h">
      <Filter>头文件</Filter>
    </ClInclude>
    <ClInclude Include="..\include\qpid\sys\SecurityLayer.h">
      <Filter>头文件</Filter>
    </ClInclude>
    <ClInclude Include="..\include\qpid\sys\Sasl.h">
      <Filter>头文件</Filter>
    </ClInclude>
    <ClInclude Include="..\include\qpid\sys\SaslFactory.h">
      <Filter>头文件</Filter>
    </ClInclude>
    <ClInclude Include="..\include\qpid\sys\SaslServer.h">
      <Filter>头文件</Filter>
    </ClInclude>
    <ClInclude Include="..\include\qpid\sys\AggregateOutput.h">
      <Filter>头文件</Filter>
    </ClInclude>
    <ClInclude Include="..\include\qpid\sys\DeletionManager.h">
      <Filter>头文件</Filter>
    </ClInclude>
    <ClInclude Include="..\include\qpid\sys\Dispatcher.h">
      <Filter>头文件</Filter>
    </ClInclude>
    <ClInclude Include="..\include\qpid\sys\DispatchHandle.h">
      <Filter>头文件</Filter>
    </ClInclude>
    <ClInclude Include="..\include\qpid\sys\ExceptionHolder.h">
      <Filter>头文件</Filter>
    </ClInclude>
    <ClInclude Include="..\include\qpid\sys\LockPtr.h">
      <Filter>头文件</Filter>
    </ClInclude>
    <ClInclude Include="..\include\qpid\sys\memory.h">
      <Filter>头文件</Filter>
    </ClInclude>
    <ClInclude Include="..\include\qpid\sys\PollableQueue.h">
      <Filter>头文件</Filter>
    </ClInclude>
    <ClInclude Include="..\include\qpid\sys\Probes.h">
      <Filter>头文件</Filter>
    </ClInclude>
    <ClInclude Include="..\include\qpid\sys\ScopedIncrement.h">
      <Filter>头文件</Filter>
    </ClInclude>
    <ClInclude Include="..\include\qpid\sys\Semaphore.h">
      <Filter>头文件</Filter>
    </ClInclude>
    <ClInclude Include="..\include\qpid\sys\ShutdownHandler.h">
      <Filter>头文件</Filter>
    </ClInclude>
    <ClInclude Include="..\include\qpid\sys\SocketTransport.h">
      <Filter>头文件</Filter>
    </ClInclude>
    <ClInclude Include="..\include\qpid\sys\StateMonitor.h">
      <Filter>头文件</Filter>
    </ClInclude>
    <ClInclude Include="..\include\qpid\sys\unordered_map.h">
      <Filter>头文件</Filter>
    </ClInclude>
    <ClInclude Include="..\include\qpid\sys\urlAdd.h">
      <Filter>头文件</Filter>
    </ClInclude>
    <ClInclude Include="..\include\qpid\sys\Waitable.h">
      <Filter>头文件</Filter>
    </ClInclude>
    <ClInclude Include="..\include\qpid\sys\BlockingQueue.h">
      <Filter>头文件</Filter>
    </ClInclude>
    <ClInclude Include="..\include\qpid\sys\Transport.h">
      <Filter>头文件</Filter>
    </ClInclude>
    <ClInclude Include="..\include\qpid\sys\TransportContext.h">
      <Filter>头文件</Filter>
    </ClInclude>
    <ClInclude Include="..\include\qpid\sys\TcpTransport.h">
      <Filter>头文件</Filter>
    </ClInclude>
    <ClInclude Include="..\include\qpid\sys\ConnectionSettings.h">
      <Filter>头文件</Filter>
    </ClInclude>
  </ItemGroup>
  <ItemGroup>
    <ClCompile Include="windows\uuid.cpp">
      <Filter>源文件\windows</Filter>
    </ClCompile>
    <ClCompile Include="windows\FileSysDir.cpp">
      <Filter>源文件\windows</Filter>
    </ClCompile>
    <ClCompile Include="windows\StrError.cpp">
      <Filter>源文件\windows</Filter>
    </ClCompile>
    <ClCompile Include="windows\LockFile.cpp">
      <Filter>源文件\windows</Filter>
    </ClCompile>
    <ClCompile Include="windows\MemoryMappedFile.cpp">
      <Filter>源文件\windows</Filter>
    </ClCompile>
    <ClCompile Include="windows\Path.cpp">
      <Filter>源文件\windows</Filter>
    </ClCompile>
    <ClCompile Include="windows\PipeHandle.cpp">
      <Filter>源文件\windows</Filter>
    </ClCompile>
    <ClCompile Include="windows\Shlib.cpp">
      <Filter>源文件\windows</Filter>
    </ClCompile>
    <ClCompile Include="windows\SocketAddress.cpp">
      <Filter>源文件\windows</Filter>
    </ClCompile>
    <ClCompile Include="windows\SystemInfo.cpp">
      <Filter>源文件\windows</Filter>
    </ClCompile>
    <ClCompile Include="windows\Thread.cpp">
      <Filter>源文件\windows</Filter>
    </ClCompile>
    <ClCompile Include="windows\Time.cpp">
      <Filter>源文件\windows</Filter>
    </ClCompile>
    <ClCompile Include="windows\WinSocket.cpp">
      <Filter>源文件\windows</Filter>
    </ClCompile>
    <ClCompile Include="Exception.cpp">
      <Filter>源文件</Filter>
    </ClCompile>
    <ClCompile Include="Statement.cpp">
      <Filter>源文件</Filter>
    </ClCompile>
    <ClCompile Include="Selector.cpp">
      <Filter>源文件</Filter>
    </ClCompile>
    <ClCompile Include="OstreamOutput.cpp">
      <Filter>源文件</Filter>
    </ClCompile>
    <ClCompile Include="windows\SinkOptions.cpp">
      <Filter>源文件\windows</Filter>
    </ClCompile>
    <ClCompile Include="Options.cpp">
      <Filter>源文件</Filter>
    </ClCompile>
    <ClCompile Include="Logger.cpp">
      <Filter>源文件</Filter>
    </ClCompile>
    <ClCompile Include="Address.cpp">
      <Filter>源文件</Filter>
    </ClCompile>
    <ClCompile Include="windows\AsynchIO.cpp">
      <Filter>源文件\windows</Filter>
    </ClCompile>
    <ClCompile Include="windows\PollableCondition.cpp">
      <Filter>源文件\windows</Filter>
    </ClCompile>
    <ClCompile Include="windows\IocpPoller.cpp">
      <Filter>源文件\windows</Filter>
    </ClCompile>
    <ClCompile Include="windows\IOHandle.cpp">
      <Filter>源文件\windows</Filter>
    </ClCompile>
    <ClCompile Include="Dispatcher.cpp">
      <Filter>源文件</Filter>
    </ClCompile>
    <ClCompile Include="DispatchHandle.cpp">
      <Filter>源文件</Filter>
    </ClCompile>
    <ClCompile Include="Runnable.cpp">
      <Filter>源文件</Filter>
    </ClCompile>
    <ClCompile Include="Modules.cpp">
      <Filter>源文件</Filter>
    </ClCompile>
    <ClCompile Include="StringUtils.cpp">
      <Filter>源文件</Filter>
    </ClCompile>
    <ClCompile Include="Timer.cpp">
      <Filter>源文件</Filter>
    </ClCompile>
    <ClCompile Include="TimerWarnings.cpp">
      <Filter>源文件</Filter>
    </ClCompile>
    <ClCompile Include="Url.cpp">
      <Filter>源文件</Filter>
    </ClCompile>
    <ClCompile Include="SocketTransport.cpp">
      <Filter>源文件</Filter>
    </ClCompile>
    <ClCompile Include="AsynchIOHandler.cpp">
      <Filter>源文件\windows</Filter>
    </ClCompile>
    <ClCompile Include="ProtocolVersion.cpp">
      <Filter>源文件</Filter>
    </ClCompile>
    <ClCompile Include="NullSaslClient.cpp">
      <Filter>源文件</Filter>
    </ClCompile>
    <ClCompile Include="NullSaslServer.cpp">
      <Filter>源文件</Filter>
    </ClCompile>
    <ClCompile Include="SaslFactory.cpp">
      <Filter>源文件</Filter>
    </ClCompile>
    <ClCompile Include="AggregateOutput.cpp">
      <Filter>源文件</Filter>
    </ClCompile>
    <ClCompile Include="MilliTime.cpp">
      <Filter>源文件</Filter>
    </ClCompile>
    <ClCompile Include="TcpTransport.cpp">
      <Filter>源文件</Filter>
    </ClCompile>
    <ClCompile Include="Transport.cpp">
      <Filter>源文件</Filter>
    </ClCompile>
    <ClCompile Include="ConnectionSettings.cpp">
      <Filter>源文件</Filter>
    </ClCompile>
  </ItemGroup>
</Project>