<?xml version="1.0" encoding="utf-8"?>
<Project ToolsVersion="4.0" xmlns="http://schemas.microsoft.com/developer/msbuild/2003">
  <ItemGroup>
    <Filter Include="源文件">
      <UniqueIdentifier>{4FC737F1-C7A5-4376-A066-2A32D752A2FF}</UniqueIdentifier>
      <Extensions>cpp;c;cc;cxx;def;odl;idl;hpj;bat;asm;asmx</Extensions>
    </Filter>
    <Filter Include="头文件">
      <UniqueIdentifier>{93995380-89BD-4b04-88EB-625FBE52EBFB}</UniqueIdentifier>
      <Extensions>h;hh;hpp;hxx;hm;inl;inc;ipp;xsd</Extensions>
    </Filter>
    <Filter Include="资源文件">
      <UniqueIdentifier>{67DA6AB6-F800-4c08-8B7A-83BB121AAD01}</UniqueIdentifier>
      <Extensions>rc;ico;cur;bmp;dlg;rc2;rct;bin;rgs;gif;jpg;jpeg;jpe;resx;tiff;tif;png;wav;mfcribbon-ms</Extensions>
    </Filter>
    <Filter Include="源文件\no_keyword">
      <UniqueIdentifier>{d1d49e18-c06d-476b-9a7c-1e780db63572}</UniqueIdentifier>
    </Filter>
  </ItemGroup>
  <ItemGroup>
    <ClCompile Include="Bounds.cpp">
      <Filter>源文件</Filter>
    </ClCompile>
    <ClCompile Include="Completion.cpp">
      <Filter>源文件</Filter>
    </ClCompile>
    <ClCompile Include="CompletionImpl.cpp">
      <Filter>源文件</Filter>
    </ClCompile>
    <ClCompile Include="Connection.cpp">
      <Filter>源文件</Filter>
    </ClCompile>
    <ClCompile Include="ConnectionHandler.cpp">
      <Filter>源文件</Filter>
    </ClCompile>
    <ClCompile Include="ConnectionImpl.cpp">
      <Filter>源文件</Filter>
    </ClCompile>
    <ClCompile Include="ConnectionSettings.cpp">
      <Filter>源文件</Filter>
    </ClCompile>
    <ClCompile Include="Connector.cpp">
      <Filter>源文件</Filter>
    </ClCompile>
    <ClCompile Include="Demux.cpp">
      <Filter>源文件</Filter>
    </ClCompile>
    <ClCompile Include="Dispatcher.cpp">
      <Filter>源文件</Filter>
    </ClCompile>
    <ClCompile Include="FailoverListener.cpp">
      <Filter>源文件</Filter>
    </ClCompile>
    <ClCompile Include="FailoverManager.cpp">
      <Filter>源文件</Filter>
    </ClCompile>
    <ClCompile Include="Future.cpp">
      <Filter>源文件</Filter>
    </ClCompile>
    <ClCompile Include="FutureCompletion.cpp">
      <Filter>源文件</Filter>
    </ClCompile>
    <ClCompile Include="FutureResult.cpp">
      <Filter>源文件</Filter>
    </ClCompile>
    <ClCompile Include="LoadPlugins.cpp">
      <Filter>源文件</Filter>
    </ClCompile>
    <ClCompile Include="LocalQueue.cpp">
      <Filter>源文件</Filter>
    </ClCompile>
    <ClCompile Include="LocalQueueImpl.cpp">
      <Filter>源文件</Filter>
    </ClCompile>
    <ClCompile Include="Message.cpp">
      <Filter>源文件</Filter>
    </ClCompile>
    <ClCompile Include="MessageImpl.cpp">
      <Filter>源文件</Filter>
    </ClCompile>
    <ClCompile Include="MessageListener.cpp">
      <Filter>源文件</Filter>
    </ClCompile>
    <ClCompile Include="MessageReplayTracker.cpp">
      <Filter>源文件</Filter>
    </ClCompile>
    <ClCompile Include="QueueOptions.cpp">
      <Filter>源文件</Filter>
    </ClCompile>
    <ClCompile Include="Results.cpp">
      <Filter>源文件</Filter>
    </ClCompile>
    <ClCompile Include="SessionId.cpp">
      <Filter>源文件</Filter>
    </ClCompile>
    <ClCompile Include="SessionImpl.cpp">
      <Filter>源文件</Filter>
    </ClCompile>
    <ClCompile Include="SessionState.cpp">
      <Filter>源文件</Filter>
    </ClCompile>
    <ClCompile Include="StateManager.cpp">
      <Filter>源文件</Filter>
    </ClCompile>
    <ClCompile Include="Subscription.cpp">
      <Filter>源文件</Filter>
    </ClCompile>
    <ClCompile Include="SubscriptionImpl.cpp">
      <Filter>源文件</Filter>
    </ClCompile>
    <ClCompile Include="SubscriptionManager.cpp">
      <Filter>源文件</Filter>
    </ClCompile>
    <ClCompile Include="SubscriptionManagerImpl.cpp">
      <Filter>源文件</Filter>
    </ClCompile>
    <ClCompile Include="TCPConnector.cpp">
      <Filter>源文件</Filter>
    </ClCompile>
    <ClCompile Include="no_keyword\AsyncSession_0_10.cpp">
      <Filter>源文件\no_keyword</Filter>
    </ClCompile>
    <ClCompile Include="no_keyword\Session_0_10.cpp">
      <Filter>源文件\no_keyword</Filter>
    </ClCompile>
    <ClCompile Include="SessionBase0_10.cpp">
      <Filter>源文件</Filter>
    </ClCompile>
  </ItemGroup>
  <ItemGroup>
    <ClInclude Include="..\include\qpid\client\arg.h">
      <Filter>头文件</Filter>
    </ClInclude>
    <ClInclude Include="..\include\qpid\client\AsyncSession.h">
      <Filter>头文件</Filter>
    </ClInclude>
    <ClInclude Include="..\include\qpid\client\Bounds.h">
      <Filter>头文件</Filter>
    </ClInclude>
    <ClInclude Include="..\include\qpid\client\ChainableFrameHandler.h">
      <Filter>头文件</Filter>
    </ClInclude>
    <ClInclude Include="..\include\qpid\client\Compile.h">
      <Filter>头文件</Filter>
    </ClInclude>
    <ClInclude Include="..\include\qpid\client\Completion.h">
      <Filter>头文件</Filter>
    </ClInclude>
    <ClInclude Include="..\include\qpid\client\CompletionImpl.h">
      <Filter>头文件</Filter>
    </ClInclude>
    <ClInclude Include="..\include\qpid\client\Connection.h">
      <Filter>头文件</Filter>
    </ClInclude>
    <ClInclude Include="..\include\qpid\client\ConnectionAccess.h">
      <Filter>头文件</Filter>
    </ClInclude>
    <ClInclude Include="..\include\qpid\client\ConnectionHandler.h">
      <Filter>头文件</Filter>
    </ClInclude>
    <ClInclude Include="..\include\qpid\client\ConnectionImpl.h">
      <Filter>头文件</Filter>
    </ClInclude>
    <ClInclude Include="..\include\qpid\client\ConnectionSettings.h">
      <Filter>头文件</Filter>
    </ClInclude>
    <ClInclude Include="..\include\qpid\client\Connector.h">
      <Filter>头文件</Filter>
    </ClInclude>
    <ClInclude Include="..\include\qpid\client\Demux.h">
      <Filter>头文件</Filter>
    </ClInclude>
    <ClInclude Include="..\include\qpid\client\Dispatcher.h">
      <Filter>头文件</Filter>
    </ClInclude>
    <ClInclude Include="..\include\qpid\client\Execution.h">
      <Filter>头文件</Filter>
    </ClInclude>
    <ClInclude Include="..\include\qpid\client\FailoverListener.h">
      <Filter>头文件</Filter>
    </ClInclude>
    <ClInclude Include="..\include\qpid\client\FailoverManager.h">
      <Filter>头文件</Filter>
    </ClInclude>
    <ClInclude Include="..\include\qpid\client\FlowControl.h">
      <Filter>头文件</Filter>
    </ClInclude>
    <ClInclude Include="..\include\qpid\client\Future.h">
      <Filter>头文件</Filter>
    </ClInclude>
    <ClInclude Include="..\include\qpid\client\FutureCompletion.h">
      <Filter>头文件</Filter>
    </ClInclude>
    <ClInclude Include="..\include\qpid\client\FutureResult.h">
      <Filter>头文件</Filter>
    </ClInclude>
    <ClInclude Include="..\include\qpid\client\Handle.h">
      <Filter>头文件</Filter>
    </ClInclude>
    <ClInclude Include="..\include\qpid\client\LoadPlugins.h">
      <Filter>头文件</Filter>
    </ClInclude>
    <ClInclude Include="..\include\qpid\client\LocalQueue.h">
      <Filter>头文件</Filter>
    </ClInclude>
    <ClInclude Include="..\include\qpid\client\LocalQueueImpl.h">
      <Filter>头文件</Filter>
    </ClInclude>
    <ClInclude Include="..\include\qpid\client\Message.h">
      <Filter>头文件</Filter>
    </ClInclude>
    <ClInclude Include="..\include\qpid\client\MessageImpl.h">
      <Filter>头文件</Filter>
    </ClInclude>
    <ClInclude Include="..\include\qpid\client\MessageListener.h">
      <Filter>头文件</Filter>
    </ClInclude>
    <ClInclude Include="..\include\qpid\client\MessageReplayTracker.h">
      <Filter>头文件</Filter>
    </ClInclude>
    <ClInclude Include="..\include\qpid\client\PrivateImplRef.h">
      <Filter>头文件</Filter>
    </ClInclude>
    <ClInclude Include="..\include\qpid\client\QueueOptions.h">
      <Filter>头文件</Filter>
    </ClInclude>
    <ClInclude Include="..\include\qpid\client\Results.h">
      <Filter>头文件</Filter>
    </ClInclude>
    <ClInclude Include="..\include\qpid\client\Session.h">
      <Filter>头文件</Filter>
    </ClInclude>
    <ClInclude Include="..\include\qpid\client\SessionId.h">
      <Filter>头文件</Filter>
    </ClInclude>
    <ClInclude Include="..\include\qpid\client\SessionImpl.h">
      <Filter>头文件</Filter>
    </ClInclude>
    <ClInclude Include="..\include\qpid\client\SessionState.h">
      <Filter>头文件</Filter>
    </ClInclude>
    <ClInclude Include="..\include\qpid\client\StateManager.h">
      <Filter>头文件</Filter>
    </ClInclude>
    <ClInclude Include="..\include\qpid\client\Subscription.h">
      <Filter>头文件</Filter>
    </ClInclude>
    <ClInclude Include="..\include\qpid\client\SubscriptionImpl.h">
      <Filter>头文件</Filter>
    </ClInclude>
    <ClInclude Include="..\include\qpid\client\SubscriptionManager.h">
      <Filter>头文件</Filter>
    </ClInclude>
    <ClInclude Include="..\include\qpid\client\SubscriptionManagerImpl.h">
      <Filter>头文件</Filter>
    </ClInclude>
    <ClInclude Include="..\include\qpid\client\SubscriptionSettings.h">
      <Filter>头文件</Filter>
    </ClInclude>
    <ClInclude Include="..\include\qpid\client\TCPConnector.h">
      <Filter>头文件</Filter>
    </ClInclude>
    <ClInclude Include="..\include\qpid\client\TypedResult.h">
      <Filter>头文件</Filter>
    </ClInclude>
    <ClInclude Include="..\include\qpid\client\AsyncSession0_10.h">
      <Filter>头文件</Filter>
    </ClInclude>
    <ClInclude Include="..\include\qpid\client\Session0_10.h">
      <Filter>头文件</Filter>
    </ClInclude>
    <ClInclude Include="..\include\qpid\client\SessionBase0_10.h">
      <Filter>头文件</Filter>
    </ClInclude>
    <ClInclude Include="..\include\qpid\client\SessionBase0_10Access.h">
      <Filter>头文件</Filter>
    </ClInclude>
  </ItemGroup>
</Project>