<?xml version="1.0" encoding="utf-8"?>
<Project ToolsVersion="4.0" xmlns="http://schemas.microsoft.com/developer/msbuild/2003">
  <ItemGroup>
    <Filter Include="源文件">
      <UniqueIdentifier>{4FC737F1-C7A5-4376-A066-2A32D752A2FF}</UniqueIdentifier>
      <Extensions>cpp;c;cc;cxx;def;odl;idl;hpj;bat;asm;asmx</Extensions>
    </Filter>
    <Filter Include="头文件">
      <UniqueIdentifier>{93995380-89BD-4b04-88EB-625FBE52EBFB}</UniqueIdentifier>
      <Extensions>h;hh;hpp;hxx;hm;inl;inc;ipp;xsd</Extensions>
    </Filter>
    <Filter Include="资源文件">
      <UniqueIdentifier>{67DA6AB6-F800-4c08-8B7A-83BB121AAD01}</UniqueIdentifier>
      <Extensions>rc;ico;cur;bmp;dlg;rc2;rct;bin;rgs;gif;jpg;jpeg;jpe;resx;tiff;tif;png;wav;mfcribbon-ms</Extensions>
    </Filter>
    <Filter Include="头文件\qpid">
      <UniqueIdentifier>{b4cca5ff-7c6c-4990-b924-35832e8ce991}</UniqueIdentifier>
    </Filter>
    <Filter Include="头文件\qpid\framing">
      <UniqueIdentifier>{0c5e08f5-ccc8-425c-9886-58649389af58}</UniqueIdentifier>
    </Filter>
    <Filter Include="源文件\qpid">
      <UniqueIdentifier>{f7b99c1a-a13b-4d09-a7d5-1e78758d4960}</UniqueIdentifier>
    </Filter>
    <Filter Include="源文件\qpid\framing">
      <UniqueIdentifier>{2c1dd2c3-6e8e-401a-97c5-f44a69e9a671}</UniqueIdentifier>
    </Filter>
  </ItemGroup>
  <ItemGroup>
    <ClCompile Include="qpidframing.cpp">
      <Filter>源文件</Filter>
    </ClCompile>
    <ClCompile Include="qpid\framing\FieldValue.cpp">
      <Filter>源文件\qpid\framing</Filter>
    </ClCompile>
    <ClCompile Include="qpid\framing\FrameDecoder.cpp">
      <Filter>源文件\qpid\framing</Filter>
    </ClCompile>
    <ClCompile Include="qpid\framing\FrameSet.cpp">
      <Filter>源文件\qpid\framing</Filter>
    </ClCompile>
    <ClCompile Include="qpid\framing\InitiationHandler.cpp">
      <Filter>源文件\qpid\framing</Filter>
    </ClCompile>
    <ClCompile Include="qpid\framing\List.cpp">
      <Filter>源文件\qpid\framing</Filter>
    </ClCompile>
    <ClCompile Include="qpid\framing\ProtocolInitiation.cpp">
      <Filter>源文件\qpid\framing</Filter>
    </ClCompile>
    <ClCompile Include="qpid\framing\Proxy.cpp">
      <Filter>源文件\qpid\framing</Filter>
    </ClCompile>
    <ClCompile Include="qpid\framing\SendContent.cpp">
      <Filter>源文件\qpid\framing</Filter>
    </ClCompile>
    <ClCompile Include="qpid\framing\SequenceNumber.cpp">
      <Filter>源文件\qpid\framing</Filter>
    </ClCompile>
    <ClCompile Include="qpid\framing\SequenceNumberSet.cpp">
      <Filter>源文件\qpid\framing</Filter>
    </ClCompile>
    <ClCompile Include="qpid\framing\SequenceSet.cpp">
      <Filter>源文件\qpid\framing</Filter>
    </ClCompile>
    <ClCompile Include="qpid\framing\TransferContent.cpp">
      <Filter>源文件\qpid\framing</Filter>
    </ClCompile>
    <ClCompile Include="qpid\framing\Uuid.cpp">
      <Filter>源文件\qpid\framing</Filter>
    </ClCompile>
    <ClCompile Include="qpid\framing\AccumulatedAck.cpp">
      <Filter>源文件\qpid\framing</Filter>
    </ClCompile>
    <ClCompile Include="qpid\framing\AMQBody.cpp">
      <Filter>源文件\qpid\framing</Filter>
    </ClCompile>
    <ClCompile Include="qpid\framing\AMQContentBody.cpp">
      <Filter>源文件\qpid\framing</Filter>
    </ClCompile>
    <ClCompile Include="qpid\framing\AMQFrame.cpp">
      <Filter>源文件\qpid\framing</Filter>
    </ClCompile>
    <ClCompile Include="qpid\framing\AMQHeaderBody.cpp">
      <Filter>源文件\qpid\framing</Filter>
    </ClCompile>
    <ClCompile Include="qpid\framing\AMQHeartbeatBody.cpp">
      <Filter>源文件\qpid\framing</Filter>
    </ClCompile>
    <ClCompile Include="qpid\framing\AMQMethodBody.cpp">
      <Filter>源文件\qpid\framing</Filter>
    </ClCompile>
    <ClCompile Include="qpid\framing\Array.cpp">
      <Filter>源文件\qpid\framing</Filter>
    </ClCompile>
    <ClCompile Include="qpid\framing\Buffer.cpp">
      <Filter>源文件\qpid\framing</Filter>
    </ClCompile>
    <ClCompile Include="qpid\framing\FieldTable.cpp">
      <Filter>源文件\qpid\framing</Filter>
    </ClCompile>
    <ClCompile Include="qpid\framing\SessionDetachBody.cpp">
      <Filter>源文件\qpid\framing</Filter>
    </ClCompile>
    <ClCompile Include="qpid\framing\SessionDetachedBody.cpp">
      <Filter>源文件\qpid\framing</Filter>
    </ClCompile>
    <ClCompile Include="qpid\framing\SessionExpectedBody.cpp">
      <Filter>源文件\qpid\framing</Filter>
    </ClCompile>
    <ClCompile Include="qpid\framing\SessionFlushBody.cpp">
      <Filter>源文件\qpid\framing</Filter>
    </ClCompile>
    <ClCompile Include="qpid\framing\SessionGapBody.cpp">
      <Filter>源文件\qpid\framing</Filter>
    </ClCompile>
    <ClCompile Include="qpid\framing\SessionKnownCompletedBody.cpp">
      <Filter>源文件\qpid\framing</Filter>
    </ClCompile>
    <ClCompile Include="qpid\framing\SessionRequestTimeoutBody.cpp">
      <Filter>源文件\qpid\framing</Filter>
    </ClCompile>
    <ClCompile Include="qpid\framing\SessionTimeoutBody.cpp">
      <Filter>源文件\qpid\framing</Filter>
    </ClCompile>
    <ClCompile Include="qpid\framing\StreamCancelBody.cpp">
      <Filter>源文件\qpid\framing</Filter>
    </ClCompile>
    <ClCompile Include="qpid\framing\StreamConsumeBody.cpp">
      <Filter>源文件\qpid\framing</Filter>
    </ClCompile>
    <ClCompile Include="qpid\framing\StreamConsumeOkBody.cpp">
      <Filter>源文件\qpid\framing</Filter>
    </ClCompile>
    <ClCompile Include="qpid\framing\StreamDeliverBody.cpp">
      <Filter>源文件\qpid\framing</Filter>
    </ClCompile>
    <ClCompile Include="qpid\framing\StreamProperties.cpp">
      <Filter>源文件\qpid\framing</Filter>
    </ClCompile>
    <ClCompile Include="qpid\framing\StreamPublishBody.cpp">
      <Filter>源文件\qpid\framing</Filter>
    </ClCompile>
    <ClCompile Include="qpid\framing\StreamQosBody.cpp">
      <Filter>源文件\qpid\framing</Filter>
    </ClCompile>
    <ClCompile Include="qpid\framing\StreamQosOkBody.cpp">
      <Filter>源文件\qpid\framing</Filter>
    </ClCompile>
    <ClCompile Include="qpid\framing\StreamReturnBody.cpp">
      <Filter>源文件\qpid\framing</Filter>
    </ClCompile>
    <ClCompile Include="qpid\framing\TxCommitBody.cpp">
      <Filter>源文件\qpid\framing</Filter>
    </ClCompile>
    <ClCompile Include="qpid\framing\TxRollbackBody.cpp">
      <Filter>源文件\qpid\framing</Filter>
    </ClCompile>
    <ClCompile Include="qpid\framing\TxSelectBody.cpp">
      <Filter>源文件\qpid\framing</Filter>
    </ClCompile>
    <ClCompile Include="qpid\framing\TypeCode.cpp">
      <Filter>源文件\qpid\framing</Filter>
    </ClCompile>
    <ClCompile Include="qpid\framing\XaResult.cpp">
      <Filter>源文件\qpid\framing</Filter>
    </ClCompile>
    <ClCompile Include="qpid\framing\Xid.cpp">
      <Filter>源文件\qpid\framing</Filter>
    </ClCompile>
    <ClCompile Include="qpid\framing\AllInvoker.cpp">
      <Filter>源文件\qpid\framing</Filter>
    </ClCompile>
    <ClCompile Include="qpid\framing\AMQP_AllProxy.cpp">
      <Filter>源文件\qpid\framing</Filter>
    </ClCompile>
    <ClCompile Include="qpid\framing\AMQP_ClientProxy.cpp">
      <Filter>源文件\qpid\framing</Filter>
    </ClCompile>
    <ClCompile Include="qpid\framing\AMQP_ServerProxy.cpp">
      <Filter>源文件\qpid\framing</Filter>
    </ClCompile>
    <ClCompile Include="qpid\framing\ClientInvoker.cpp">
      <Filter>源文件\qpid\framing</Filter>
    </ClCompile>
    <ClCompile Include="qpid\framing\ConnectionCloseBody.cpp">
      <Filter>源文件\qpid\framing</Filter>
    </ClCompile>
    <ClCompile Include="qpid\framing\ConnectionCloseOkBody.cpp">
      <Filter>源文件\qpid\framing</Filter>
    </ClCompile>
    <ClCompile Include="qpid\framing\ConnectionHeartbeatBody.cpp">
      <Filter>源文件\qpid\framing</Filter>
    </ClCompile>
    <ClCompile Include="qpid\framing\ConnectionOpenBody.cpp">
      <Filter>源文件\qpid\framing</Filter>
    </ClCompile>
    <ClCompile Include="qpid\framing\ConnectionOpenOkBody.cpp">
      <Filter>源文件\qpid\framing</Filter>
    </ClCompile>
    <ClCompile Include="qpid\framing\ConnectionRedirectBody.cpp">
      <Filter>源文件\qpid\framing</Filter>
    </ClCompile>
    <ClCompile Include="qpid\framing\ConnectionSecureBody.cpp">
      <Filter>源文件\qpid\framing</Filter>
    </ClCompile>
    <ClCompile Include="qpid\framing\ConnectionSecureOkBody.cpp">
      <Filter>源文件\qpid\framing</Filter>
    </ClCompile>
    <ClCompile Include="qpid\framing\ConnectionStartBody.cpp">
      <Filter>源文件\qpid\framing</Filter>
    </ClCompile>
    <ClCompile Include="qpid\framing\ConnectionStartOkBody.cpp">
      <Filter>源文件\qpid\framing</Filter>
    </ClCompile>
    <ClCompile Include="qpid\framing\ConnectionTuneBody.cpp">
      <Filter>源文件\qpid\framing</Filter>
    </ClCompile>
    <ClCompile Include="qpid\framing\ConnectionTuneOkBody.cpp">
      <Filter>源文件\qpid\framing</Filter>
    </ClCompile>
    <ClCompile Include="qpid\framing\DeliveryProperties.cpp">
      <Filter>源文件\qpid\framing</Filter>
    </ClCompile>
    <ClCompile Include="qpid\framing\DtxCommitBody.cpp">
      <Filter>源文件\qpid\framing</Filter>
    </ClCompile>
    <ClCompile Include="qpid\framing\DtxEndBody.cpp">
      <Filter>源文件\qpid\framing</Filter>
    </ClCompile>
    <ClCompile Include="qpid\framing\DtxForgetBody.cpp">
      <Filter>源文件\qpid\framing</Filter>
    </ClCompile>
    <ClCompile Include="qpid\framing\DtxGetTimeoutBody.cpp">
      <Filter>源文件\qpid\framing</Filter>
    </ClCompile>
    <ClCompile Include="qpid\framing\DtxGetTimeoutResult.cpp">
      <Filter>源文件\qpid\framing</Filter>
    </ClCompile>
    <ClCompile Include="qpid\framing\DtxPrepareBody.cpp">
      <Filter>源文件\qpid\framing</Filter>
    </ClCompile>
    <ClCompile Include="qpid\framing\DtxRecoverBody.cpp">
      <Filter>源文件\qpid\framing</Filter>
    </ClCompile>
    <ClCompile Include="qpid\framing\DtxRecoverResult.cpp">
      <Filter>源文件\qpid\framing</Filter>
    </ClCompile>
    <ClCompile Include="qpid\framing\DtxRollbackBody.cpp">
      <Filter>源文件\qpid\framing</Filter>
    </ClCompile>
    <ClCompile Include="qpid\framing\DtxSelectBody.cpp">
      <Filter>源文件\qpid\framing</Filter>
    </ClCompile>
    <ClCompile Include="qpid\framing\DtxSetTimeoutBody.cpp">
      <Filter>源文件\qpid\framing</Filter>
    </ClCompile>
    <ClCompile Include="qpid\framing\DtxStartBody.cpp">
      <Filter>源文件\qpid\framing</Filter>
    </ClCompile>
    <ClCompile Include="qpid\framing\ExchangeBindBody.cpp">
      <Filter>源文件\qpid\framing</Filter>
    </ClCompile>
    <ClCompile Include="qpid\framing\ExchangeBoundBody.cpp">
      <Filter>源文件\qpid\framing</Filter>
    </ClCompile>
    <ClCompile Include="qpid\framing\ExchangeBoundResult.cpp">
      <Filter>源文件\qpid\framing</Filter>
    </ClCompile>
    <ClCompile Include="qpid\framing\ExchangeDeclareBody.cpp">
      <Filter>源文件\qpid\framing</Filter>
    </ClCompile>
    <ClCompile Include="qpid\framing\ExchangeDeleteBody.cpp">
      <Filter>源文件\qpid\framing</Filter>
    </ClCompile>
    <ClCompile Include="qpid\framing\ExchangeQueryBody.cpp">
      <Filter>源文件\qpid\framing</Filter>
    </ClCompile>
    <ClCompile Include="qpid\framing\ExchangeQueryResult.cpp">
      <Filter>源文件\qpid\framing</Filter>
    </ClCompile>
    <ClCompile Include="qpid\framing\ExchangeUnbindBody.cpp">
      <Filter>源文件\qpid\framing</Filter>
    </ClCompile>
    <ClCompile Include="qpid\framing\ExecutionExceptionBody.cpp">
      <Filter>源文件\qpid\framing</Filter>
    </ClCompile>
    <ClCompile Include="qpid\framing\ExecutionResultBody.cpp">
      <Filter>源文件\qpid\framing</Filter>
    </ClCompile>
    <ClCompile Include="qpid\framing\ExecutionSyncBody.cpp">
      <Filter>源文件\qpid\framing</Filter>
    </ClCompile>
    <ClCompile Include="qpid\framing\FileAckBody.cpp">
      <Filter>源文件\qpid\framing</Filter>
    </ClCompile>
    <ClCompile Include="qpid\framing\FileCancelBody.cpp">
      <Filter>源文件\qpid\framing</Filter>
    </ClCompile>
    <ClCompile Include="qpid\framing\FileConsumeBody.cpp">
      <Filter>源文件\qpid\framing</Filter>
    </ClCompile>
    <ClCompile Include="qpid\framing\FileConsumeOkBody.cpp">
      <Filter>源文件\qpid\framing</Filter>
    </ClCompile>
    <ClCompile Include="qpid\framing\FileDeliverBody.cpp">
      <Filter>源文件\qpid\framing</Filter>
    </ClCompile>
    <ClCompile Include="qpid\framing\FileOpenBody.cpp">
      <Filter>源文件\qpid\framing</Filter>
    </ClCompile>
    <ClCompile Include="qpid\framing\FileOpenOkBody.cpp">
      <Filter>源文件\qpid\framing</Filter>
    </ClCompile>
    <ClCompile Include="qpid\framing\FileProperties.cpp">
      <Filter>源文件\qpid\framing</Filter>
    </ClCompile>
    <ClCompile Include="qpid\framing\FilePublishBody.cpp">
      <Filter>源文件\qpid\framing</Filter>
    </ClCompile>
    <ClCompile Include="qpid\framing\FileQosBody.cpp">
      <Filter>源文件\qpid\framing</Filter>
    </ClCompile>
    <ClCompile Include="qpid\framing\FileQosOkBody.cpp">
      <Filter>源文件\qpid\framing</Filter>
    </ClCompile>
    <ClCompile Include="qpid\framing\FileRejectBody.cpp">
      <Filter>源文件\qpid\framing</Filter>
    </ClCompile>
    <ClCompile Include="qpid\framing\FileReturnBody.cpp">
      <Filter>源文件\qpid\framing</Filter>
    </ClCompile>
    <ClCompile Include="qpid\framing\FileStageBody.cpp">
      <Filter>源文件\qpid\framing</Filter>
    </ClCompile>
    <ClCompile Include="qpid\framing\FragmentProperties.cpp">
      <Filter>源文件\qpid\framing</Filter>
    </ClCompile>
    <ClCompile Include="qpid\framing\Header.cpp">
      <Filter>源文件\qpid\framing</Filter>
    </ClCompile>
    <ClCompile Include="qpid\framing\MessageAcceptBody.cpp">
      <Filter>源文件\qpid\framing</Filter>
    </ClCompile>
    <ClCompile Include="qpid\framing\MessageAcquireBody.cpp">
      <Filter>源文件\qpid\framing</Filter>
    </ClCompile>
    <ClCompile Include="qpid\framing\MessageAcquireResult.cpp">
      <Filter>源文件\qpid\framing</Filter>
    </ClCompile>
    <ClCompile Include="qpid\framing\MessageCancelBody.cpp">
      <Filter>源文件\qpid\framing</Filter>
    </ClCompile>
    <ClCompile Include="qpid\framing\MessageFlowBody.cpp">
      <Filter>源文件\qpid\framing</Filter>
    </ClCompile>
    <ClCompile Include="qpid\framing\MessageFlushBody.cpp">
      <Filter>源文件\qpid\framing</Filter>
    </ClCompile>
    <ClCompile Include="qpid\framing\MessageProperties.cpp">
      <Filter>源文件\qpid\framing</Filter>
    </ClCompile>
    <ClCompile Include="qpid\framing\MessageRejectBody.cpp">
      <Filter>源文件\qpid\framing</Filter>
    </ClCompile>
    <ClCompile Include="qpid\framing\MessageReleaseBody.cpp">
      <Filter>源文件\qpid\framing</Filter>
    </ClCompile>
    <ClCompile Include="qpid\framing\MessageResumeBody.cpp">
      <Filter>源文件\qpid\framing</Filter>
    </ClCompile>
    <ClCompile Include="qpid\framing\MessageResumeResult.cpp">
      <Filter>源文件\qpid\framing</Filter>
    </ClCompile>
    <ClCompile Include="qpid\framing\MessageSetFlowModeBody.cpp">
      <Filter>源文件\qpid\framing</Filter>
    </ClCompile>
    <ClCompile Include="qpid\framing\MessageStopBody.cpp">
      <Filter>源文件\qpid\framing</Filter>
    </ClCompile>
    <ClCompile Include="qpid\framing\MessageSubscribeBody.cpp">
      <Filter>源文件\qpid\framing</Filter>
    </ClCompile>
    <ClCompile Include="qpid\framing\MessageTransferBody.cpp">
      <Filter>源文件\qpid\framing</Filter>
    </ClCompile>
    <ClCompile Include="qpid\framing\MethodBodyDefaultVisitor.cpp">
      <Filter>源文件\qpid\framing</Filter>
    </ClCompile>
    <ClCompile Include="qpid\framing\MethodBodyFactory.cpp">
      <Filter>源文件\qpid\framing</Filter>
    </ClCompile>
    <ClCompile Include="qpid\framing\QueueDeclareBody.cpp">
      <Filter>源文件\qpid\framing</Filter>
    </ClCompile>
    <ClCompile Include="qpid\framing\QueueDeleteBody.cpp">
      <Filter>源文件\qpid\framing</Filter>
    </ClCompile>
    <ClCompile Include="qpid\framing\QueuePurgeBody.cpp">
      <Filter>源文件\qpid\framing</Filter>
    </ClCompile>
    <ClCompile Include="qpid\framing\QueueQueryBody.cpp">
      <Filter>源文件\qpid\framing</Filter>
    </ClCompile>
    <ClCompile Include="qpid\framing\QueueQueryResult.cpp">
      <Filter>源文件\qpid\framing</Filter>
    </ClCompile>
    <ClCompile Include="qpid\framing\reply_exceptions.cpp">
      <Filter>源文件\qpid\framing</Filter>
    </ClCompile>
    <ClCompile Include="qpid\framing\ReplyTo.cpp">
      <Filter>源文件\qpid\framing</Filter>
    </ClCompile>
    <ClCompile Include="qpid\framing\ServerInvoker.cpp">
      <Filter>源文件\qpid\framing</Filter>
    </ClCompile>
    <ClCompile Include="qpid\framing\SessionAttachBody.cpp">
      <Filter>源文件\qpid\framing</Filter>
    </ClCompile>
    <ClCompile Include="qpid\framing\SessionAttachedBody.cpp">
      <Filter>源文件\qpid\framing</Filter>
    </ClCompile>
    <ClCompile Include="qpid\framing\SessionCommandPointBody.cpp">
      <Filter>源文件\qpid\framing</Filter>
    </ClCompile>
    <ClCompile Include="qpid\framing\SessionCompletedBody.cpp">
      <Filter>源文件\qpid\framing</Filter>
    </ClCompile>
    <ClCompile Include="qpid\framing\SessionConfirmedBody.cpp">
      <Filter>源文件\qpid\framing</Filter>
    </ClCompile>
    <ClCompile Include="qpid\framing\UrlArray.cpp">
      <Filter>源文件\qpid\framing</Filter>
    </ClCompile>
  </ItemGroup>
  <ItemGroup>
    <ClInclude Include="..\include\qpid\framing\InlineAllocator.h">
      <Filter>头文件\qpid\framing</Filter>
    </ClInclude>
    <ClInclude Include="..\include\qpid\framing\InlineVector.h">
      <Filter>头文件\qpid\framing</Filter>
    </ClInclude>
    <ClInclude Include="..\include\qpid\framing\InputHandler.h">
      <Filter>头文件\qpid\framing</Filter>
    </ClInclude>
    <ClInclude Include="..\include\qpid\framing\Invoker.h">
      <Filter>头文件\qpid\framing</Filter>
    </ClInclude>
    <ClInclude Include="..\include\qpid\framing\IsInSequenceSet.h">
      <Filter>头文件\qpid\framing</Filter>
    </ClInclude>
    <ClInclude Include="..\include\qpid\framing\List.h">
      <Filter>头文件\qpid\framing</Filter>
    </ClInclude>
    <ClInclude Include="..\include\qpid\framing\MessageAcquireResult.h">
      <Filter>头文件\qpid\framing</Filter>
    </ClInclude>
    <ClInclude Include="..\include\qpid\framing\MessageProperties.h">
      <Filter>头文件\qpid\framing</Filter>
    </ClInclude>
    <ClInclude Include="..\include\qpid\framing\MessageResumeResult.h">
      <Filter>头文件\qpid\framing</Filter>
    </ClInclude>
    <ClInclude Include="..\include\qpid\framing\MethodBodyFactory.h">
      <Filter>头文件\qpid\framing</Filter>
    </ClInclude>
    <ClInclude Include="..\include\qpid\framing\MethodContent.h">
      <Filter>头文件\qpid\framing</Filter>
    </ClInclude>
    <ClInclude Include="..\include\qpid\framing\ModelMethod.h">
      <Filter>头文件\qpid\framing</Filter>
    </ClInclude>
    <ClInclude Include="..\include\qpid\framing\ProtocolInitiation.h">
      <Filter>头文件\qpid\framing</Filter>
    </ClInclude>
    <ClInclude Include="..\include\qpid\framing\ProtocolVersion.h">
      <Filter>头文件\qpid\framing</Filter>
    </ClInclude>
    <ClInclude Include="..\include\qpid\framing\Proxy.h">
      <Filter>头文件\qpid\framing</Filter>
    </ClInclude>
    <ClInclude Include="..\include\qpid\framing\QueueQueryResult.h">
      <Filter>头文件\qpid\framing</Filter>
    </ClInclude>
    <ClInclude Include="..\include\qpid\framing\RangeSet.h">
      <Filter>头文件\qpid\framing</Filter>
    </ClInclude>
    <ClInclude Include="..\include\qpid\framing\reply_exceptions.h">
      <Filter>头文件\qpid\framing</Filter>
    </ClInclude>
    <ClInclude Include="..\include\qpid\framing\ReplyTo.h">
      <Filter>头文件\qpid\framing</Filter>
    </ClInclude>
    <ClInclude Include="..\include\qpid\framing\ResizableBuffer.h">
      <Filter>头文件\qpid\framing</Filter>
    </ClInclude>
    <ClInclude Include="..\include\qpid\framing\SendContent.h">
      <Filter>头文件\qpid\framing</Filter>
    </ClInclude>
    <ClInclude Include="..\include\qpid\framing\SequenceNumber.h">
      <Filter>头文件\qpid\framing</Filter>
    </ClInclude>
    <ClInclude Include="..\include\qpid\framing\SequenceNumberSet.h">
      <Filter>头文件\qpid\framing</Filter>
    </ClInclude>
    <ClInclude Include="..\include\qpid\framing\SequenceSet.h">
      <Filter>头文件\qpid\framing</Filter>
    </ClInclude>
    <ClInclude Include="..\include\qpid\framing\StreamProperties.h">
      <Filter>头文件\qpid\framing</Filter>
    </ClInclude>
    <ClInclude Include="..\include\qpid\framing\StructHelper.h">
      <Filter>头文件\qpid\framing</Filter>
    </ClInclude>
    <ClInclude Include="..\include\qpid\framing\TransferContent.h">
      <Filter>头文件\qpid\framing</Filter>
    </ClInclude>
    <ClInclude Include="..\include\qpid\framing\TypeCode.h">
      <Filter>头文件\qpid\framing</Filter>
    </ClInclude>
    <ClInclude Include="..\include\qpid\framing\TypeFilter.h">
      <Filter>头文件\qpid\framing</Filter>
    </ClInclude>
    <ClInclude Include="..\include\qpid\framing\Uuid.h">
      <Filter>头文件\qpid\framing</Filter>
    </ClInclude>
    <ClInclude Include="..\include\qpid\framing\variant.h">
      <Filter>头文件\qpid\framing</Filter>
    </ClInclude>
    <ClInclude Include="..\include\qpid\framing\XaResult.h">
      <Filter>头文件\qpid\framing</Filter>
    </ClInclude>
    <ClInclude Include="..\include\qpid\framing\Xid.h">
      <Filter>头文件\qpid\framing</Filter>
    </ClInclude>
    <ClInclude Include="..\include\qpid\framing\AccumulatedAck.h">
      <Filter>头文件\qpid\framing</Filter>
    </ClInclude>
    <ClInclude Include="..\include\qpid\framing\AMQBody.h">
      <Filter>头文件\qpid\framing</Filter>
    </ClInclude>
    <ClInclude Include="..\include\qpid\framing\AMQContentBody.h">
      <Filter>头文件\qpid\framing</Filter>
    </ClInclude>
    <ClInclude Include="..\include\qpid\framing\AMQDataBlock.h">
      <Filter>头文件\qpid\framing</Filter>
    </ClInclude>
    <ClInclude Include="..\include\qpid\framing\AMQFrame.h">
      <Filter>头文件\qpid\framing</Filter>
    </ClInclude>
    <ClInclude Include="..\include\qpid\framing\AMQHeaderBody.h">
      <Filter>头文件\qpid\framing</Filter>
    </ClInclude>
    <ClInclude Include="..\include\qpid\framing\AMQHeartbeatBody.h">
      <Filter>头文件\qpid\framing</Filter>
    </ClInclude>
    <ClInclude Include="..\include\qpid\framing\AMQMethodBody.h">
      <Filter>头文件\qpid\framing</Filter>
    </ClInclude>
    <ClInclude Include="..\include\qpid\framing\amqp_framing.h">
      <Filter>头文件\qpid\framing</Filter>
    </ClInclude>
    <ClInclude Include="..\include\qpid\framing\AMQP_HighestVersion.h">
      <Filter>头文件\qpid\framing</Filter>
    </ClInclude>
    <ClInclude Include="..\include\qpid\framing\amqp_structs.h">
      <Filter>头文件\qpid\framing</Filter>
    </ClInclude>
    <ClInclude Include="..\include\qpid\framing\amqp_types.h">
      <Filter>头文件\qpid\framing</Filter>
    </ClInclude>
    <ClInclude Include="..\include\qpid\framing\amqp_types_full.h">
      <Filter>头文件\qpid\framing</Filter>
    </ClInclude>
    <ClInclude Include="..\include\qpid\framing\Array.h">
      <Filter>头文件\qpid\framing</Filter>
    </ClInclude>
    <ClInclude Include="..\include\qpid\framing\BodyFactory.h">
      <Filter>头文件\qpid\framing</Filter>
    </ClInclude>
    <ClInclude Include="..\include\qpid\framing\Buffer.h">
      <Filter>头文件\qpid\framing</Filter>
    </ClInclude>
    <ClInclude Include="..\include\qpid\framing\BufferTypes.h">
      <Filter>头文件\qpid\framing</Filter>
    </ClInclude>
    <ClInclude Include="..\include\qpid\framing\ChannelHandler.h">
      <Filter>头文件\qpid\framing</Filter>
    </ClInclude>
    <ClInclude Include="..\include\qpid\framing\Compile.h">
      <Filter>头文件\qpid\framing</Filter>
    </ClInclude>
    <ClInclude Include="..\include\qpid\framing\constants.h">
      <Filter>头文件\qpid\framing</Filter>
    </ClInclude>
    <ClInclude Include="..\include\qpid\framing\DeliveryProperties.h">
      <Filter>头文件\qpid\framing</Filter>
    </ClInclude>
    <ClInclude Include="..\include\qpid\framing\DtxGetTimeoutResult.h">
      <Filter>头文件\qpid\framing</Filter>
    </ClInclude>
    <ClInclude Include="..\include\qpid\framing\DtxRecoverResult.h">
      <Filter>头文件\qpid\framing</Filter>
    </ClInclude>
    <ClInclude Include="..\include\qpid\framing\Endian.h">
      <Filter>头文件\qpid\framing</Filter>
    </ClInclude>
    <ClInclude Include="..\include\qpid\framing\enum.h">
      <Filter>头文件\qpid\framing</Filter>
    </ClInclude>
    <ClInclude Include="..\include\qpid\framing\ExchangeBoundResult.h">
      <Filter>头文件\qpid\framing</Filter>
    </ClInclude>
    <ClInclude Include="..\include\qpid\framing\ExchangeQueryResult.h">
      <Filter>头文件\qpid\framing</Filter>
    </ClInclude>
    <ClInclude Include="..\include\qpid\framing\FieldTable.h">
      <Filter>头文件\qpid\framing</Filter>
    </ClInclude>
    <ClInclude Include="..\include\qpid\framing\FieldValue.h">
      <Filter>头文件\qpid\framing</Filter>
    </ClInclude>
    <ClInclude Include="..\include\qpid\framing\FileProperties.h">
      <Filter>头文件\qpid\framing</Filter>
    </ClInclude>
    <ClInclude Include="..\include\qpid\framing\FragmentProperties.h">
      <Filter>头文件\qpid\framing</Filter>
    </ClInclude>
    <ClInclude Include="..\include\qpid\framing\frame_functors.h">
      <Filter>头文件\qpid\framing</Filter>
    </ClInclude>
    <ClInclude Include="..\include\qpid\framing\FrameDecoder.h">
      <Filter>头文件\qpid\framing</Filter>
    </ClInclude>
    <ClInclude Include="..\include\qpid\framing\FrameDefaultVisitor.h">
      <Filter>头文件\qpid\framing</Filter>
    </ClInclude>
    <ClInclude Include="..\include\qpid\framing\FrameHandler.h">
      <Filter>头文件\qpid\framing</Filter>
    </ClInclude>
    <ClInclude Include="..\include\qpid\framing\FrameSet.h">
      <Filter>头文件\qpid\framing</Filter>
    </ClInclude>
    <ClInclude Include="..\include\qpid\framing\Handler.h">
      <Filter>头文件\qpid\framing</Filter>
    </ClInclude>
    <ClInclude Include="..\include\qpid\framing\Header.h">
      <Filter>头文件\qpid\framing</Filter>
    </ClInclude>
    <ClInclude Include="..\include\qpid\framing\HeaderProperties.h">
      <Filter>头文件\qpid\framing</Filter>
    </ClInclude>
    <ClInclude Include="..\include\qpid\framing\InitiationHandler.h">
      <Filter>头文件\qpid\framing</Filter>
    </ClInclude>
    <ClInclude Include="..\include\qpid\framing\Exception.h">
      <Filter>头文件\qpid\framing</Filter>
    </ClInclude>
    <ClInclude Include="..\include\qpid\framing\SessionCommandPointBody.h">
      <Filter>头文件\qpid\framing</Filter>
    </ClInclude>
    <ClInclude Include="..\include\qpid\framing\SessionCompletedBody.h">
      <Filter>头文件\qpid\framing</Filter>
    </ClInclude>
    <ClInclude Include="..\include\qpid\framing\SessionConfirmedBody.h">
      <Filter>头文件\qpid\framing</Filter>
    </ClInclude>
    <ClInclude Include="..\include\qpid\framing\SessionDetachBody.h">
      <Filter>头文件\qpid\framing</Filter>
    </ClInclude>
    <ClInclude Include="..\include\qpid\framing\SessionDetachedBody.h">
      <Filter>头文件\qpid\framing</Filter>
    </ClInclude>
    <ClInclude Include="..\include\qpid\framing\SessionExpectedBody.h">
      <Filter>头文件\qpid\framing</Filter>
    </ClInclude>
    <ClInclude Include="..\include\qpid\framing\SessionFlushBody.h">
      <Filter>头文件\qpid\framing</Filter>
    </ClInclude>
    <ClInclude Include="..\include\qpid\framing\SessionGapBody.h">
      <Filter>头文件\qpid\framing</Filter>
    </ClInclude>
    <ClInclude Include="..\include\qpid\framing\SessionKnownCompletedBody.h">
      <Filter>头文件\qpid\framing</Filter>
    </ClInclude>
    <ClInclude Include="..\include\qpid\framing\SessionRequestTimeoutBody.h">
      <Filter>头文件\qpid\framing</Filter>
    </ClInclude>
    <ClInclude Include="..\include\qpid\framing\SessionTimeoutBody.h">
      <Filter>头文件\qpid\framing</Filter>
    </ClInclude>
    <ClInclude Include="..\include\qpid\framing\StreamCancelBody.h">
      <Filter>头文件\qpid\framing</Filter>
    </ClInclude>
    <ClInclude Include="..\include\qpid\framing\StreamConsumeBody.h">
      <Filter>头文件\qpid\framing</Filter>
    </ClInclude>
    <ClInclude Include="..\include\qpid\framing\StreamConsumeOkBody.h">
      <Filter>头文件\qpid\framing</Filter>
    </ClInclude>
    <ClInclude Include="..\include\qpid\framing\StreamDeliverBody.h">
      <Filter>头文件\qpid\framing</Filter>
    </ClInclude>
    <ClInclude Include="..\include\qpid\framing\StreamPublishBody.h">
      <Filter>头文件\qpid\framing</Filter>
    </ClInclude>
    <ClInclude Include="..\include\qpid\framing\StreamQosBody.h">
      <Filter>头文件\qpid\framing</Filter>
    </ClInclude>
    <ClInclude Include="..\include\qpid\framing\StreamQosOkBody.h">
      <Filter>头文件\qpid\framing</Filter>
    </ClInclude>
    <ClInclude Include="..\include\qpid\framing\StreamReturnBody.h">
      <Filter>头文件\qpid\framing</Filter>
    </ClInclude>
    <ClInclude Include="..\include\qpid\framing\TxCommitBody.h">
      <Filter>头文件\qpid\framing</Filter>
    </ClInclude>
    <ClInclude Include="..\include\qpid\framing\TxRollbackBody.h">
      <Filter>头文件\qpid\framing</Filter>
    </ClInclude>
    <ClInclude Include="..\include\qpid\framing\TxSelectBody.h">
      <Filter>头文件\qpid\framing</Filter>
    </ClInclude>
    <ClInclude Include="..\include\qpid\framing\all_method_bodies.h">
      <Filter>头文件\qpid\framing</Filter>
    </ClInclude>
    <ClInclude Include="..\include\qpid\framing\AllInvoker.h">
      <Filter>头文件\qpid\framing</Filter>
    </ClInclude>
    <ClInclude Include="..\include\qpid\framing\AMQP_AllOperations.h">
      <Filter>头文件\qpid\framing</Filter>
    </ClInclude>
    <ClInclude Include="..\include\qpid\framing\AMQP_AllProxy.h">
      <Filter>头文件\qpid\framing</Filter>
    </ClInclude>
    <ClInclude Include="..\include\qpid\framing\AMQP_ClientOperations.h">
      <Filter>头文件\qpid\framing</Filter>
    </ClInclude>
    <ClInclude Include="..\include\qpid\framing\AMQP_ClientProxy.h">
      <Filter>头文件\qpid\framing</Filter>
    </ClInclude>
    <ClInclude Include="..\include\qpid\framing\AMQP_ServerOperations.h">
      <Filter>头文件\qpid\framing</Filter>
    </ClInclude>
    <ClInclude Include="..\include\qpid\framing\AMQP_ServerProxy.h">
      <Filter>头文件\qpid\framing</Filter>
    </ClInclude>
    <ClInclude Include="..\include\qpid\framing\ClientInvoker.h">
      <Filter>头文件\qpid\framing</Filter>
    </ClInclude>
    <ClInclude Include="..\include\qpid\framing\ConnectionCloseBody.h">
      <Filter>头文件\qpid\framing</Filter>
    </ClInclude>
    <ClInclude Include="..\include\qpid\framing\ConnectionCloseOkBody.h">
      <Filter>头文件\qpid\framing</Filter>
    </ClInclude>
    <ClInclude Include="..\include\qpid\framing\ConnectionHeartbeatBody.h">
      <Filter>头文件\qpid\framing</Filter>
    </ClInclude>
    <ClInclude Include="..\include\qpid\framing\ConnectionOpenBody.h">
      <Filter>头文件\qpid\framing</Filter>
    </ClInclude>
    <ClInclude Include="..\include\qpid\framing\ConnectionOpenOkBody.h">
      <Filter>头文件\qpid\framing</Filter>
    </ClInclude>
    <ClInclude Include="..\include\qpid\framing\ConnectionRedirectBody.h">
      <Filter>头文件\qpid\framing</Filter>
    </ClInclude>
    <ClInclude Include="..\include\qpid\framing\ConnectionSecureBody.h">
      <Filter>头文件\qpid\framing</Filter>
    </ClInclude>
    <ClInclude Include="..\include\qpid\framing\ConnectionSecureOkBody.h">
      <Filter>头文件\qpid\framing</Filter>
    </ClInclude>
    <ClInclude Include="..\include\qpid\framing\ConnectionStartBody.h">
      <Filter>头文件\qpid\framing</Filter>
    </ClInclude>
    <ClInclude Include="..\include\qpid\framing\ConnectionStartOkBody.h">
      <Filter>头文件\qpid\framing</Filter>
    </ClInclude>
    <ClInclude Include="..\include\qpid\framing\ConnectionTuneBody.h">
      <Filter>头文件\qpid\framing</Filter>
    </ClInclude>
    <ClInclude Include="..\include\qpid\framing\ConnectionTuneOkBody.h">
      <Filter>头文件\qpid\framing</Filter>
    </ClInclude>
    <ClInclude Include="..\include\qpid\framing\DtxCommitBody.h">
      <Filter>头文件\qpid\framing</Filter>
    </ClInclude>
    <ClInclude Include="..\include\qpid\framing\DtxEndBody.h">
      <Filter>头文件\qpid\framing</Filter>
    </ClInclude>
    <ClInclude Include="..\include\qpid\framing\DtxForgetBody.h">
      <Filter>头文件\qpid\framing</Filter>
    </ClInclude>
    <ClInclude Include="..\include\qpid\framing\DtxGetTimeoutBody.h">
      <Filter>头文件\qpid\framing</Filter>
    </ClInclude>
    <ClInclude Include="..\include\qpid\framing\DtxPrepareBody.h">
      <Filter>头文件\qpid\framing</Filter>
    </ClInclude>
    <ClInclude Include="..\include\qpid\framing\DtxRecoverBody.h">
      <Filter>头文件\qpid\framing</Filter>
    </ClInclude>
    <ClInclude Include="..\include\qpid\framing\DtxRollbackBody.h">
      <Filter>头文件\qpid\framing</Filter>
    </ClInclude>
    <ClInclude Include="..\include\qpid\framing\DtxSelectBody.h">
      <Filter>头文件\qpid\framing</Filter>
    </ClInclude>
    <ClInclude Include="..\include\qpid\framing\DtxSetTimeoutBody.h">
      <Filter>头文件\qpid\framing</Filter>
    </ClInclude>
    <ClInclude Include="..\include\qpid\framing\DtxStartBody.h">
      <Filter>头文件\qpid\framing</Filter>
    </ClInclude>
    <ClInclude Include="..\include\qpid\framing\ExchangeBindBody.h">
      <Filter>头文件\qpid\framing</Filter>
    </ClInclude>
    <ClInclude Include="..\include\qpid\framing\ExchangeBoundBody.h">
      <Filter>头文件\qpid\framing</Filter>
    </ClInclude>
    <ClInclude Include="..\include\qpid\framing\ExchangeDeclareBody.h">
      <Filter>头文件\qpid\framing</Filter>
    </ClInclude>
    <ClInclude Include="..\include\qpid\framing\ExchangeDeleteBody.h">
      <Filter>头文件\qpid\framing</Filter>
    </ClInclude>
    <ClInclude Include="..\include\qpid\framing\ExchangeQueryBody.h">
      <Filter>头文件\qpid\framing</Filter>
    </ClInclude>
    <ClInclude Include="..\include\qpid\framing\ExchangeUnbindBody.h">
      <Filter>头文件\qpid\framing</Filter>
    </ClInclude>
    <ClInclude Include="..\include\qpid\framing\ExecutionExceptionBody.h">
      <Filter>头文件\qpid\framing</Filter>
    </ClInclude>
    <ClInclude Include="..\include\qpid\framing\ExecutionResultBody.h">
      <Filter>头文件\qpid\framing</Filter>
    </ClInclude>
    <ClInclude Include="..\include\qpid\framing\ExecutionSyncBody.h">
      <Filter>头文件\qpid\framing</Filter>
    </ClInclude>
    <ClInclude Include="..\include\qpid\framing\FileAckBody.h">
      <Filter>头文件\qpid\framing</Filter>
    </ClInclude>
    <ClInclude Include="..\include\qpid\framing\FileCancelBody.h">
      <Filter>头文件\qpid\framing</Filter>
    </ClInclude>
    <ClInclude Include="..\include\qpid\framing\FileConsumeBody.h">
      <Filter>头文件\qpid\framing</Filter>
    </ClInclude>
    <ClInclude Include="..\include\qpid\framing\FileConsumeOkBody.h">
      <Filter>头文件\qpid\framing</Filter>
    </ClInclude>
    <ClInclude Include="..\include\qpid\framing\FileDeliverBody.h">
      <Filter>头文件\qpid\framing</Filter>
    </ClInclude>
    <ClInclude Include="..\include\qpid\framing\FileOpenBody.h">
      <Filter>头文件\qpid\framing</Filter>
    </ClInclude>
    <ClInclude Include="..\include\qpid\framing\FileOpenOkBody.h">
      <Filter>头文件\qpid\framing</Filter>
    </ClInclude>
    <ClInclude Include="..\include\qpid\framing\FilePublishBody.h">
      <Filter>头文件\qpid\framing</Filter>
    </ClInclude>
    <ClInclude Include="..\include\qpid\framing\FileQosBody.h">
      <Filter>头文件\qpid\framing</Filter>
    </ClInclude>
    <ClInclude Include="..\include\qpid\framing\FileQosOkBody.h">
      <Filter>头文件\qpid\framing</Filter>
    </ClInclude>
    <ClInclude Include="..\include\qpid\framing\FileRejectBody.h">
      <Filter>头文件\qpid\framing</Filter>
    </ClInclude>
    <ClInclude Include="..\include\qpid\framing\FileReturnBody.h">
      <Filter>头文件\qpid\framing</Filter>
    </ClInclude>
    <ClInclude Include="..\include\qpid\framing\FileStageBody.h">
      <Filter>头文件\qpid\framing</Filter>
    </ClInclude>
    <ClInclude Include="..\include\qpid\framing\frame_body_lists.h">
      <Filter>头文件\qpid\framing</Filter>
    </ClInclude>
    <ClInclude Include="..\include\qpid\framing\MessageAcceptBody.h">
      <Filter>头文件\qpid\framing</Filter>
    </ClInclude>
    <ClInclude Include="..\include\qpid\framing\MessageAcquireBody.h">
      <Filter>头文件\qpid\framing</Filter>
    </ClInclude>
    <ClInclude Include="..\include\qpid\framing\MessageCancelBody.h">
      <Filter>头文件\qpid\framing</Filter>
    </ClInclude>
    <ClInclude Include="..\include\qpid\framing\MessageFlowBody.h">
      <Filter>头文件\qpid\framing</Filter>
    </ClInclude>
    <ClInclude Include="..\include\qpid\framing\MessageFlushBody.h">
      <Filter>头文件\qpid\framing</Filter>
    </ClInclude>
    <ClInclude Include="..\include\qpid\framing\MessageRejectBody.h">
      <Filter>头文件\qpid\framing</Filter>
    </ClInclude>
    <ClInclude Include="..\include\qpid\framing\MessageReleaseBody.h">
      <Filter>头文件\qpid\framing</Filter>
    </ClInclude>
    <ClInclude Include="..\include\qpid\framing\MessageResumeBody.h">
      <Filter>头文件\qpid\framing</Filter>
    </ClInclude>
    <ClInclude Include="..\include\qpid\framing\MessageSetFlowModeBody.h">
      <Filter>头文件\qpid\framing</Filter>
    </ClInclude>
    <ClInclude Include="..\include\qpid\framing\MessageStopBody.h">
      <Filter>头文件\qpid\framing</Filter>
    </ClInclude>
    <ClInclude Include="..\include\qpid\framing\MessageSubscribeBody.h">
      <Filter>头文件\qpid\framing</Filter>
    </ClInclude>
    <ClInclude Include="..\include\qpid\framing\MessageTransferBody.h">
      <Filter>头文件\qpid\framing</Filter>
    </ClInclude>
    <ClInclude Include="..\include\qpid\framing\MethodBodyConstVisitor.h">
      <Filter>头文件\qpid\framing</Filter>
    </ClInclude>
    <ClInclude Include="..\include\qpid\framing\MethodBodyDefaultVisitor.h">
      <Filter>头文件\qpid\framing</Filter>
    </ClInclude>
    <ClInclude Include="..\include\qpid\framing\QueueDeclareBody.h">
      <Filter>头文件\qpid\framing</Filter>
    </ClInclude>
    <ClInclude Include="..\include\qpid\framing\QueueDeleteBody.h">
      <Filter>头文件\qpid\framing</Filter>
    </ClInclude>
    <ClInclude Include="..\include\qpid\framing\QueuePurgeBody.h">
      <Filter>头文件\qpid\framing</Filter>
    </ClInclude>
    <ClInclude Include="..\include\qpid\framing\QueueQueryBody.h">
      <Filter>头文件\qpid\framing</Filter>
    </ClInclude>
    <ClInclude Include="..\include\qpid\framing\ServerInvoker.h">
      <Filter>头文件\qpid\framing</Filter>
    </ClInclude>
    <ClInclude Include="..\include\qpid\framing\SessionAttachBody.h">
      <Filter>头文件\qpid\framing</Filter>
    </ClInclude>
    <ClInclude Include="..\include\qpid\framing\SessionAttachedBody.h">
      <Filter>头文件\qpid\framing</Filter>
    </ClInclude>
    <ClInclude Include="..\include\qpid\framing\urlarray.h">
      <Filter>头文件\qpid\framing</Filter>
    </ClInclude>
  </ItemGroup>
</Project>